// !$*UTF8*$!
{
	archiveVersion = 1;
	classes = {
	};
	objectVersion = 51;
	objects = {

/* Begin PBXBuildFile section */
		1171C01A270F48EC0047D1AF /* UIViewController.swift in Sources */ = {isa = PBXBuildFile; fileRef = 1171C019270F48EC0047D1AF /* UIViewController.swift */; };
		1171C01C270F511D0047D1AF /* UIScreen.swift in Sources */ = {isa = PBXBuildFile; fileRef = 1171C01B270F511D0047D1AF /* UIScreen.swift */; };
		11B0B76E26FF4D5700BD86BF /* AlertView.swift in Sources */ = {isa = PBXBuildFile; fileRef = 11B0B76C26FF4D5700BD86BF /* AlertView.swift */; };
		11B0B77C26FF4F7900BD86BF /* DeletePillViewController.swift in Sources */ = {isa = PBXBuildFile; fileRef = 11B0B77926FF4F7900BD86BF /* DeletePillViewController.swift */; };
		11B0B77D26FF4F7900BD86BF /* DeletePillView.swift in Sources */ = {isa = PBXBuildFile; fileRef = 11B0B77B26FF4F7900BD86BF /* DeletePillView.swift */; };
		11B0B77F26FF926500BD86BF /* Bool.swift in Sources */ = {isa = PBXBuildFile; fileRef = 11B0B77E26FF926500BD86BF /* Bool.swift */; };
		11EE2227272741010036F432 /* UIView.swift in Sources */ = {isa = PBXBuildFile; fileRef = E1544C5C2710C1ED00648E42 /* UIView.swift */; };
		455133E9FD3C22F2F266D4B8 /* Pods_PillsTests.framework in Frameworks */ = {isa = PBXBuildFile; fileRef = F9BF7661179A49974BAFA9A5 /* Pods_PillsTests.framework */; };
		5511C6A426AC246B009CDA41 /* UIView+Constraints.swift in Sources */ = {isa = PBXBuildFile; fileRef = 5511C6A326AC246B009CDA41 /* UIView+Constraints.swift */; };
		5511C6AF26AC29E4009CDA41 /* DevelopmentBuilder.swift in Sources */ = {isa = PBXBuildFile; fileRef = 5511C6AE26AC29E4009CDA41 /* DevelopmentBuilder.swift */; };
		553A358D26C02BC9006FFA6F /* NotificationService.swift in Sources */ = {isa = PBXBuildFile; fileRef = 553A358C26C02BC9006FFA6F /* NotificationService.swift */; };
		553A359526C02D59006FFA6F /* NotificationModel.swift in Sources */ = {isa = PBXBuildFile; fileRef = 553A359426C02D59006FFA6F /* NotificationModel.swift */; };
		555E30BF26AC05E400F7EF0A /* AppCoordinator.swift in Sources */ = {isa = PBXBuildFile; fileRef = 555E30BE26AC05E400F7EF0A /* AppCoordinator.swift */; };
		556A4FF226C0134F00249B49 /* BaseViewController.swift in Sources */ = {isa = PBXBuildFile; fileRef = 556A4FF126C0134F00249B49 /* BaseViewController.swift */; };
		6C90F3A9D23430BFAC418825 /* Pods_Pills_PillsUITests.framework in Frameworks */ = {isa = PBXBuildFile; fileRef = 3AA129D021F9E8300DC954A7 /* Pods_Pills_PillsUITests.framework */; };
		8423A9F626BB3510008F64AA /* AppConstants.swift in Sources */ = {isa = PBXBuildFile; fileRef = 8423A9F526BB3510008F64AA /* AppConstants.swift */; };
		849AE5C326A9CF5400262D12 /* SettingsViewController.swift in Sources */ = {isa = PBXBuildFile; fileRef = 849AE5C226A9CF5400262D12 /* SettingsViewController.swift */; };
		84C440B426D7E31200860F77 /* SettingsViewTableCell.swift in Sources */ = {isa = PBXBuildFile; fileRef = 84C440B326D7E31200860F77 /* SettingsViewTableCell.swift */; };
		97EA0644FC5F4575B53D6A5D /* Pods_Pills.framework in Frameworks */ = {isa = PBXBuildFile; fileRef = 818A1C60DA19FBA817FCF4D1 /* Pods_Pills.framework */; };
		A35BE20126C83C6400AA1942 /* CalendarCell.swift in Sources */ = {isa = PBXBuildFile; fileRef = A35BE20026C83C6400AA1942 /* CalendarCell.swift */; };
		A802CBC726B68A55004E7365 /* StubCourseView.swift in Sources */ = {isa = PBXBuildFile; fileRef = A802CBC626B68A55004E7365 /* StubCourseView.swift */; };
		A802CBCF26B68A9E004E7365 /* CourseCellView.swift in Sources */ = {isa = PBXBuildFile; fileRef = A802CBCE26B68A9E004E7365 /* CourseCellView.swift */; };
		A802CBD426B68AAE004E7365 /* ProgressView.swift in Sources */ = {isa = PBXBuildFile; fileRef = A802CBD326B68AAE004E7365 /* ProgressView.swift */; };
		A81ECCF826C6D61E0039DE67 /* Button.swift in Sources */ = {isa = PBXBuildFile; fileRef = A81ECCF726C6D61E0039DE67 /* Button.swift */; };
		A8329E6926C69A8600AD6A11 /* Label.swift in Sources */ = {isa = PBXBuildFile; fileRef = A8329E6826C69A8600AD6A11 /* Label.swift */; };
		A869AC9826B9C95A002019B0 /* CourseMock.swift in Sources */ = {isa = PBXBuildFile; fileRef = A869AC9726B9C95A002019B0 /* CourseMock.swift */; };
		A86DB94126C54BD000AE866A /* RateViewController.swift in Sources */ = {isa = PBXBuildFile; fileRef = A86DB93E26C54BD000AE866A /* RateViewController.swift */; };
		A86DB94226C54BD000AE866A /* RateView.swift in Sources */ = {isa = PBXBuildFile; fileRef = A86DB94026C54BD000AE866A /* RateView.swift */; };
		A86DB94726C54C3600AE866A /* TableView.swift in Sources */ = {isa = PBXBuildFile; fileRef = A86DB94626C54C3600AE866A /* TableView.swift */; };
		A86DB94C26C54C3E00AE866A /* CollectionView.swift in Sources */ = {isa = PBXBuildFile; fileRef = A86DB94B26C54C3D00AE866A /* CollectionView.swift */; };
		A86DB95626C54C5300AE866A /* StackView.swift in Sources */ = {isa = PBXBuildFile; fileRef = A86DB95526C54C5300AE866A /* StackView.swift */; };
		A86DB95B26C54D6200AE866A /* AutoReusable.swift in Sources */ = {isa = PBXBuildFile; fileRef = A86DB95A26C54D6200AE866A /* AutoReusable.swift */; };
		A870AFF226A9A31E00624579 /* Course.swift in Sources */ = {isa = PBXBuildFile; fileRef = A870AFEA26A9A31E00624579 /* Course.swift */; };
		A870AFF326A9A31E00624579 /* CoursesViewController.swift in Sources */ = {isa = PBXBuildFile; fileRef = A870AFEC26A9A31E00624579 /* CoursesViewController.swift */; };
		A870AFF426A9A31E00624579 /* CoursesView.swift in Sources */ = {isa = PBXBuildFile; fileRef = A870AFEE26A9A31E00624579 /* CoursesView.swift */; };
		A870AFF526A9A31E00624579 /* CourseCell.swift in Sources */ = {isa = PBXBuildFile; fileRef = A870AFEF26A9A31E00624579 /* CourseCell.swift */; };
		A870AFF626A9A31E00624579 /* CourseViewModel.swift in Sources */ = {isa = PBXBuildFile; fileRef = A870AFF026A9A31E00624579 /* CourseViewModel.swift */; };
		A870B00526A9D58E00624579 /* AppLayout.swift in Sources */ = {isa = PBXBuildFile; fileRef = A870B00426A9D58E00624579 /* AppLayout.swift */; };
		A884C4DD26B079AF00BACC90 /* AddButton.swift in Sources */ = {isa = PBXBuildFile; fileRef = A884C4DC26B079AF00BACC90 /* AddButton.swift */; };
		A8E594DF26D976D5006F414A /* ReceiveFreqPillsView.swift in Sources */ = {isa = PBXBuildFile; fileRef = A8E594DC26D976D5006F414A /* ReceiveFreqPillsView.swift */; };
		A8E594E026D976D5006F414A /* DaysCycleStackView.swift in Sources */ = {isa = PBXBuildFile; fileRef = A8E594DD26D976D5006F414A /* DaysCycleStackView.swift */; };
		A8E594E126D976D5006F414A /* CertainDaysStackView.swift in Sources */ = {isa = PBXBuildFile; fileRef = A8E594DE26D976D5006F414A /* CertainDaysStackView.swift */; };
		A8E594E626D976FD006F414A /* TextField.swift in Sources */ = {isa = PBXBuildFile; fileRef = A8E594E526D976FD006F414A /* TextField.swift */; };
		E1544C5F2710C78E00648E42 /* GoogleService-Info.plist in Resources */ = {isa = PBXBuildFile; fileRef = E1544C5E2710C78E00648E42 /* GoogleService-Info.plist */; };
		E1EC06B026F774550045AAB1 /* UIImage.swift in Sources */ = {isa = PBXBuildFile; fileRef = E1EC06AF26F774550045AAB1 /* UIImage.swift */; };
		FA653B6827149C8B0011573F /* VerticalStackViewFabric.swift in Sources */ = {isa = PBXBuildFile; fileRef = FA653B6727149C8B0011573F /* VerticalStackViewFabric.swift */; };
		FA653B6A27149EAD0011573F /* HorizontalStackViewFabric.swift in Sources */ = {isa = PBXBuildFile; fileRef = FA653B6927149EAD0011573F /* HorizontalStackViewFabric.swift */; };
		FA653B6E2714A04E0011573F /* FieldHeaderFabric.swift in Sources */ = {isa = PBXBuildFile; fileRef = FA653B6D2714A04E0011573F /* FieldHeaderFabric.swift */; };
		FA653B712714A0E10011573F /* AddNewCourseDelegate.swift in Sources */ = {isa = PBXBuildFile; fileRef = FA653B702714A0E10011573F /* AddNewCourseDelegate.swift */; };
		FA653B732714A1220011573F /* AddNewCourseTextFieldDelegate.swift in Sources */ = {isa = PBXBuildFile; fileRef = FA653B722714A1220011573F /* AddNewCourseTextFieldDelegate.swift */; };
		FA653B752714A1480011573F /* AddNewCourseDataSourceProtocol.swift in Sources */ = {isa = PBXBuildFile; fileRef = FA653B742714A1480011573F /* AddNewCourseDataSourceProtocol.swift */; };
		FA653B772714A5610011573F /* LabelFabric.swift in Sources */ = {isa = PBXBuildFile; fileRef = FA653B762714A5610011573F /* LabelFabric.swift */; };
		FA9D870226F1114500408604 /* MedicineDescriptionVC.swift in Sources */ = {isa = PBXBuildFile; fileRef = FA9D870126F1114500408604 /* MedicineDescriptionVC.swift */; };
		FA9D870A26F111AF00408604 /* MedicineDescriptionView.swift in Sources */ = {isa = PBXBuildFile; fileRef = FA9D870926F111AF00408604 /* MedicineDescriptionView.swift */; };
		FA9D87E226F6416400408604 /* Event.swift in Sources */ = {isa = PBXBuildFile; fileRef = FA9D87E126F6416300408604 /* Event.swift */; };
		FE1406FB26DC313E0062905C /* CustomTextField+UITextFieldDelegate.swift in Sources */ = {isa = PBXBuildFile; fileRef = FE1406FA26DC313E0062905C /* CustomTextField+UITextFieldDelegate.swift */; };
		FE14070026DC316C0062905C /* CustomTextField+UIPickerViewDelegate.swift in Sources */ = {isa = PBXBuildFile; fileRef = FE1406FF26DC316C0062905C /* CustomTextField+UIPickerViewDelegate.swift */; };
		FE14070526DC32C90062905C /* AddNewCourseView+PublicInterface.swift in Sources */ = {isa = PBXBuildFile; fileRef = FE14070426DC32C90062905C /* AddNewCourseView+PublicInterface.swift */; };
		FE2899C426CC3C5900B145FB /* JournalViewController.swift in Sources */ = {isa = PBXBuildFile; fileRef = FE2899C326CC3C5900B145FB /* JournalViewController.swift */; };
		FE2899C926CC3C6200B145FB /* JournalMock.swift in Sources */ = {isa = PBXBuildFile; fileRef = FE2899C826CC3C6200B145FB /* JournalMock.swift */; };
		FE2899CE26CC3C6F00B145FB /* JournalTableViewCell.swift in Sources */ = {isa = PBXBuildFile; fileRef = FE2899CD26CC3C6F00B145FB /* JournalTableViewCell.swift */; };
		FE2899D326CC3C7500B145FB /* JournalTableView.swift in Sources */ = {isa = PBXBuildFile; fileRef = FE2899D226CC3C7500B145FB /* JournalTableView.swift */; };
		FE79E3B1269CC09A00DACD24 /* AppDelegate.swift in Sources */ = {isa = PBXBuildFile; fileRef = FE79E3B0269CC09A00DACD24 /* AppDelegate.swift */; };
		FE79E3BA269CC09D00DACD24 /* Assets.xcassets in Resources */ = {isa = PBXBuildFile; fileRef = FE79E3B9269CC09D00DACD24 /* Assets.xcassets */; };
		FE79E3BD269CC09D00DACD24 /* LaunchScreen.storyboard in Resources */ = {isa = PBXBuildFile; fileRef = FE79E3BB269CC09D00DACD24 /* LaunchScreen.storyboard */; };
		FE79E3C8269CC09D00DACD24 /* PillsTests.swift in Sources */ = {isa = PBXBuildFile; fileRef = FE79E3C7269CC09D00DACD24 /* PillsTests.swift */; };
		FE79E3D3269CC09D00DACD24 /* PillsUITests.swift in Sources */ = {isa = PBXBuildFile; fileRef = FE79E3D2269CC09D00DACD24 /* PillsUITests.swift */; };
		FE79E40626A2DF9800DACD24 /* AppImages.swift in Sources */ = {isa = PBXBuildFile; fileRef = FE79E40526A2DF9800DACD24 /* AppImages.swift */; };
		FE79E40B26A30EDA00DACD24 /* AppImagesTest.swift in Sources */ = {isa = PBXBuildFile; fileRef = FE79E40A26A30EDA00DACD24 /* AppImagesTest.swift */; };
		FE79E41B26A3165600DACD24 /* Localizable.strings in Resources */ = {isa = PBXBuildFile; fileRef = FE79E41D26A3165600DACD24 /* Localizable.strings */; };
		FE79E42626A3180200DACD24 /* Localized.swift in Sources */ = {isa = PBXBuildFile; fileRef = FE79E42526A3180200DACD24 /* Localized.swift */; };
		FE79E43226A3186900DACD24 /* Text.swift in Sources */ = {isa = PBXBuildFile; fileRef = FE79E43126A3186900DACD24 /* Text.swift */; };
		FE79E43726A319BC00DACD24 /* LocalizationTest.swift in Sources */ = {isa = PBXBuildFile; fileRef = FE79E43626A319BC00DACD24 /* LocalizationTest.swift */; };
		FE79E43C26A31C4900DACD24 /* AppColors.swift in Sources */ = {isa = PBXBuildFile; fileRef = FE79E43B26A31C4900DACD24 /* AppColors.swift */; };
		FE79E44226A31E9200DACD24 /* Hex.swift in Sources */ = {isa = PBXBuildFile; fileRef = FE79E44126A31E9200DACD24 /* Hex.swift */; };
		FE79E44A26A3200D00DACD24 /* AppColorsTest.swift in Sources */ = {isa = PBXBuildFile; fileRef = FE79E44926A3200D00DACD24 /* AppColorsTest.swift */; };
		FE79E44F26A35F3900DACD24 /* Colors.xcassets in Resources */ = {isa = PBXBuildFile; fileRef = FE79E44E26A35F3900DACD24 /* Colors.xcassets */; };
		FE79E47D26A59DD600DACD24 /* RealmMedKitEntry.swift in Sources */ = {isa = PBXBuildFile; fileRef = FE79E47C26A59DD600DACD24 /* RealmMedKitEntry.swift */; };
		FE79E48626A6C0BB00DACD24 /* RealmModelsTest.swift in Sources */ = {isa = PBXBuildFile; fileRef = FE79E48526A6C0BB00DACD24 /* RealmModelsTest.swift */; };
		FEB957AE26A96FCE0093BA8D /* BaseRouter.swift in Sources */ = {isa = PBXBuildFile; fileRef = FEB957AD26A96FCE0093BA8D /* BaseRouter.swift */; };
		FEB957B426A96FDF0093BA8D /* DevelopmentRouter.swift in Sources */ = {isa = PBXBuildFile; fileRef = FEB957B226A96FDF0093BA8D /* DevelopmentRouter.swift */; };
		FEB957B526A96FDF0093BA8D /* DevelopmentViewController.swift in Sources */ = {isa = PBXBuildFile; fileRef = FEB957B326A96FDF0093BA8D /* DevelopmentViewController.swift */; };
		FEB957BA26A96FEB0093BA8D /* MainTabBarMaker.swift in Sources */ = {isa = PBXBuildFile; fileRef = FEB957B926A96FEB0093BA8D /* MainTabBarMaker.swift */; };
		FEB9580626AAF0D30093BA8D /* Date.swift in Sources */ = {isa = PBXBuildFile; fileRef = FEB9580526AAF0D30093BA8D /* Date.swift */; };
		FEB9586E26AF1FB00093BA8D /* RealmService.swift in Sources */ = {isa = PBXBuildFile; fileRef = FEB9586D26AF1FB00093BA8D /* RealmService.swift */; };
		FECB19D826B1D6CF00136DF0 /* SFCompactDisplay-Regular.otf in Resources */ = {isa = PBXBuildFile; fileRef = FECB19D726B1D69100136DF0 /* SFCompactDisplay-Regular.otf */; };
		FECB19DC26B1D6D200136DF0 /* SFCompactDisplay-Semibold.otf in Resources */ = {isa = PBXBuildFile; fileRef = FECB19D626B1D63D00136DF0 /* SFCompactDisplay-Semibold.otf */; };
		FECB1A6C26BAE69400136DF0 /* AddNewCourseViewController.swift in Sources */ = {isa = PBXBuildFile; fileRef = FECB1A6B26BAE69400136DF0 /* AddNewCourseViewController.swift */; };
		FED9593B26C4253F00E9B6C3 /* JournalView.swift in Sources */ = {isa = PBXBuildFile; fileRef = FED9593A26C4253F00E9B6C3 /* JournalView.swift */; };
		FED9597C26C5882B00E9B6C3 /* CustomTextField.swift in Sources */ = {isa = PBXBuildFile; fileRef = FED9597B26C5882B00E9B6C3 /* CustomTextField.swift */; };
		FED959AE26C9808E00E9B6C3 /* Int.swift in Sources */ = {isa = PBXBuildFile; fileRef = FED959AD26C9808D00E9B6C3 /* Int.swift */; };
		FED959B326CAD78A00E9B6C3 /* AddNewCourseView.swift in Sources */ = {isa = PBXBuildFile; fileRef = FED959B226CAD78A00E9B6C3 /* AddNewCourseView.swift */; };
/* End PBXBuildFile section */

/* Begin PBXContainerItemProxy section */
		FE79E3C4269CC09D00DACD24 /* PBXContainerItemProxy */ = {
			isa = PBXContainerItemProxy;
			containerPortal = FE79E3A5269CC09A00DACD24 /* Project object */;
			proxyType = 1;
			remoteGlobalIDString = FE79E3AC269CC09A00DACD24;
			remoteInfo = Pills;
		};
		FE79E3CF269CC09D00DACD24 /* PBXContainerItemProxy */ = {
			isa = PBXContainerItemProxy;
			containerPortal = FE79E3A5269CC09A00DACD24 /* Project object */;
			proxyType = 1;
			remoteGlobalIDString = FE79E3AC269CC09A00DACD24;
			remoteInfo = Pills;
		};
/* End PBXContainerItemProxy section */

/* Begin PBXFileReference section */
		1171C019270F48EC0047D1AF /* UIViewController.swift */ = {isa = PBXFileReference; lastKnownFileType = sourcecode.swift; path = UIViewController.swift; sourceTree = "<group>"; };
		1171C01B270F511D0047D1AF /* UIScreen.swift */ = {isa = PBXFileReference; lastKnownFileType = sourcecode.swift; path = UIScreen.swift; sourceTree = "<group>"; };
		11B0B76C26FF4D5700BD86BF /* AlertView.swift */ = {isa = PBXFileReference; fileEncoding = 4; lastKnownFileType = sourcecode.swift; path = AlertView.swift; sourceTree = "<group>"; };
		11B0B77926FF4F7900BD86BF /* DeletePillViewController.swift */ = {isa = PBXFileReference; fileEncoding = 4; lastKnownFileType = sourcecode.swift; path = DeletePillViewController.swift; sourceTree = "<group>"; };
		11B0B77B26FF4F7900BD86BF /* DeletePillView.swift */ = {isa = PBXFileReference; fileEncoding = 4; lastKnownFileType = sourcecode.swift; path = DeletePillView.swift; sourceTree = "<group>"; };
		11B0B77E26FF926500BD86BF /* Bool.swift */ = {isa = PBXFileReference; lastKnownFileType = sourcecode.swift; path = Bool.swift; sourceTree = "<group>"; };
		15CC9380A7D7692447008383 /* Pods-Pills.debug.xcconfig */ = {isa = PBXFileReference; includeInIndex = 1; lastKnownFileType = text.xcconfig; name = "Pods-Pills.debug.xcconfig"; path = "Target Support Files/Pods-Pills/Pods-Pills.debug.xcconfig"; sourceTree = "<group>"; };
		3AA129D021F9E8300DC954A7 /* Pods_Pills_PillsUITests.framework */ = {isa = PBXFileReference; explicitFileType = wrapper.framework; includeInIndex = 0; path = Pods_Pills_PillsUITests.framework; sourceTree = BUILT_PRODUCTS_DIR; };
		48DA6DE1F3583984F385AD82 /* Pods-Pills-PillsUITests.debug.xcconfig */ = {isa = PBXFileReference; includeInIndex = 1; lastKnownFileType = text.xcconfig; name = "Pods-Pills-PillsUITests.debug.xcconfig"; path = "Target Support Files/Pods-Pills-PillsUITests/Pods-Pills-PillsUITests.debug.xcconfig"; sourceTree = "<group>"; };
		5511C6A326AC246B009CDA41 /* UIView+Constraints.swift */ = {isa = PBXFileReference; lastKnownFileType = sourcecode.swift; path = "UIView+Constraints.swift"; sourceTree = "<group>"; };
		5511C6AE26AC29E4009CDA41 /* DevelopmentBuilder.swift */ = {isa = PBXFileReference; lastKnownFileType = sourcecode.swift; path = DevelopmentBuilder.swift; sourceTree = "<group>"; };
		553A358C26C02BC9006FFA6F /* NotificationService.swift */ = {isa = PBXFileReference; lastKnownFileType = sourcecode.swift; path = NotificationService.swift; sourceTree = "<group>"; };
		553A359426C02D59006FFA6F /* NotificationModel.swift */ = {isa = PBXFileReference; lastKnownFileType = sourcecode.swift; path = NotificationModel.swift; sourceTree = "<group>"; };
		555E30BE26AC05E400F7EF0A /* AppCoordinator.swift */ = {isa = PBXFileReference; lastKnownFileType = sourcecode.swift; path = AppCoordinator.swift; sourceTree = "<group>"; };
		556A4FF126C0134F00249B49 /* BaseViewController.swift */ = {isa = PBXFileReference; lastKnownFileType = sourcecode.swift; path = BaseViewController.swift; sourceTree = "<group>"; };
		818A1C60DA19FBA817FCF4D1 /* Pods_Pills.framework */ = {isa = PBXFileReference; explicitFileType = wrapper.framework; includeInIndex = 0; path = Pods_Pills.framework; sourceTree = BUILT_PRODUCTS_DIR; };
		8386280E237169135CA54BE9 /* Pods-PillsTests.release.xcconfig */ = {isa = PBXFileReference; includeInIndex = 1; lastKnownFileType = text.xcconfig; name = "Pods-PillsTests.release.xcconfig"; path = "Target Support Files/Pods-PillsTests/Pods-PillsTests.release.xcconfig"; sourceTree = "<group>"; };
		8423A9F526BB3510008F64AA /* AppConstants.swift */ = {isa = PBXFileReference; lastKnownFileType = sourcecode.swift; path = AppConstants.swift; sourceTree = "<group>"; };
		849AE5C226A9CF5400262D12 /* SettingsViewController.swift */ = {isa = PBXFileReference; lastKnownFileType = sourcecode.swift; path = SettingsViewController.swift; sourceTree = "<group>"; };
		84C440B326D7E31200860F77 /* SettingsViewTableCell.swift */ = {isa = PBXFileReference; fileEncoding = 4; lastKnownFileType = sourcecode.swift; path = SettingsViewTableCell.swift; sourceTree = "<group>"; };
		8FC09C85E8224273E7B5DED4 /* Pods-Pills.release.xcconfig */ = {isa = PBXFileReference; includeInIndex = 1; lastKnownFileType = text.xcconfig; name = "Pods-Pills.release.xcconfig"; path = "Target Support Files/Pods-Pills/Pods-Pills.release.xcconfig"; sourceTree = "<group>"; };
		A3432096ADB6872D9AB54AC4 /* Pods-PillsTests.debug.xcconfig */ = {isa = PBXFileReference; includeInIndex = 1; lastKnownFileType = text.xcconfig; name = "Pods-PillsTests.debug.xcconfig"; path = "Target Support Files/Pods-PillsTests/Pods-PillsTests.debug.xcconfig"; sourceTree = "<group>"; };
		A35BE20026C83C6400AA1942 /* CalendarCell.swift */ = {isa = PBXFileReference; lastKnownFileType = sourcecode.swift; path = CalendarCell.swift; sourceTree = "<group>"; };
		A802CBC626B68A55004E7365 /* StubCourseView.swift */ = {isa = PBXFileReference; lastKnownFileType = sourcecode.swift; path = StubCourseView.swift; sourceTree = "<group>"; };
		A802CBCE26B68A9E004E7365 /* CourseCellView.swift */ = {isa = PBXFileReference; fileEncoding = 4; lastKnownFileType = sourcecode.swift; path = CourseCellView.swift; sourceTree = "<group>"; };
		A802CBD326B68AAE004E7365 /* ProgressView.swift */ = {isa = PBXFileReference; fileEncoding = 4; lastKnownFileType = sourcecode.swift; path = ProgressView.swift; sourceTree = "<group>"; };
		A81ECCF726C6D61E0039DE67 /* Button.swift */ = {isa = PBXFileReference; lastKnownFileType = sourcecode.swift; path = Button.swift; sourceTree = "<group>"; };
		A8329E6826C69A8600AD6A11 /* Label.swift */ = {isa = PBXFileReference; lastKnownFileType = sourcecode.swift; path = Label.swift; sourceTree = "<group>"; };
		A869AC9726B9C95A002019B0 /* CourseMock.swift */ = {isa = PBXFileReference; lastKnownFileType = sourcecode.swift; path = CourseMock.swift; sourceTree = "<group>"; };
		A86DB93E26C54BD000AE866A /* RateViewController.swift */ = {isa = PBXFileReference; fileEncoding = 4; lastKnownFileType = sourcecode.swift; path = RateViewController.swift; sourceTree = "<group>"; };
		A86DB94026C54BD000AE866A /* RateView.swift */ = {isa = PBXFileReference; fileEncoding = 4; lastKnownFileType = sourcecode.swift; path = RateView.swift; sourceTree = "<group>"; };
		A86DB94626C54C3600AE866A /* TableView.swift */ = {isa = PBXFileReference; fileEncoding = 4; lastKnownFileType = sourcecode.swift; path = TableView.swift; sourceTree = "<group>"; };
		A86DB94B26C54C3D00AE866A /* CollectionView.swift */ = {isa = PBXFileReference; fileEncoding = 4; lastKnownFileType = sourcecode.swift; path = CollectionView.swift; sourceTree = "<group>"; };
		A86DB95526C54C5300AE866A /* StackView.swift */ = {isa = PBXFileReference; fileEncoding = 4; lastKnownFileType = sourcecode.swift; path = StackView.swift; sourceTree = "<group>"; };
		A86DB95A26C54D6200AE866A /* AutoReusable.swift */ = {isa = PBXFileReference; fileEncoding = 4; lastKnownFileType = sourcecode.swift; path = AutoReusable.swift; sourceTree = "<group>"; };
		A870AFEA26A9A31E00624579 /* Course.swift */ = {isa = PBXFileReference; fileEncoding = 4; lastKnownFileType = sourcecode.swift; path = Course.swift; sourceTree = "<group>"; };
		A870AFEC26A9A31E00624579 /* CoursesViewController.swift */ = {isa = PBXFileReference; fileEncoding = 4; lastKnownFileType = sourcecode.swift; path = CoursesViewController.swift; sourceTree = "<group>"; };
		A870AFEE26A9A31E00624579 /* CoursesView.swift */ = {isa = PBXFileReference; fileEncoding = 4; lastKnownFileType = sourcecode.swift; path = CoursesView.swift; sourceTree = "<group>"; };
		A870AFEF26A9A31E00624579 /* CourseCell.swift */ = {isa = PBXFileReference; fileEncoding = 4; lastKnownFileType = sourcecode.swift; path = CourseCell.swift; sourceTree = "<group>"; };
		A870AFF026A9A31E00624579 /* CourseViewModel.swift */ = {isa = PBXFileReference; fileEncoding = 4; lastKnownFileType = sourcecode.swift; path = CourseViewModel.swift; sourceTree = "<group>"; };
		A870B00426A9D58E00624579 /* AppLayout.swift */ = {isa = PBXFileReference; lastKnownFileType = sourcecode.swift; path = AppLayout.swift; sourceTree = "<group>"; };
		A884C4DC26B079AF00BACC90 /* AddButton.swift */ = {isa = PBXFileReference; lastKnownFileType = sourcecode.swift; path = AddButton.swift; sourceTree = "<group>"; };
		A8E594DC26D976D5006F414A /* ReceiveFreqPillsView.swift */ = {isa = PBXFileReference; fileEncoding = 4; lastKnownFileType = sourcecode.swift; path = ReceiveFreqPillsView.swift; sourceTree = "<group>"; };
		A8E594DD26D976D5006F414A /* DaysCycleStackView.swift */ = {isa = PBXFileReference; fileEncoding = 4; lastKnownFileType = sourcecode.swift; path = DaysCycleStackView.swift; sourceTree = "<group>"; };
		A8E594DE26D976D5006F414A /* CertainDaysStackView.swift */ = {isa = PBXFileReference; fileEncoding = 4; lastKnownFileType = sourcecode.swift; path = CertainDaysStackView.swift; sourceTree = "<group>"; };
		A8E594E526D976FD006F414A /* TextField.swift */ = {isa = PBXFileReference; fileEncoding = 4; lastKnownFileType = sourcecode.swift; path = TextField.swift; sourceTree = "<group>"; };
		E1544C5C2710C1ED00648E42 /* UIView.swift */ = {isa = PBXFileReference; fileEncoding = 4; lastKnownFileType = sourcecode.swift; path = UIView.swift; sourceTree = "<group>"; };
		E1544C5E2710C78E00648E42 /* GoogleService-Info.plist */ = {isa = PBXFileReference; fileEncoding = 4; lastKnownFileType = text.plist.xml; path = "GoogleService-Info.plist"; sourceTree = "<group>"; };
		E1EC06AF26F774550045AAB1 /* UIImage.swift */ = {isa = PBXFileReference; lastKnownFileType = sourcecode.swift; path = UIImage.swift; sourceTree = "<group>"; };
		F02E28BF080770F5D9757D6A /* Pods-Pills-PillsUITests.release.xcconfig */ = {isa = PBXFileReference; includeInIndex = 1; lastKnownFileType = text.xcconfig; name = "Pods-Pills-PillsUITests.release.xcconfig"; path = "Target Support Files/Pods-Pills-PillsUITests/Pods-Pills-PillsUITests.release.xcconfig"; sourceTree = "<group>"; };
		F9BF7661179A49974BAFA9A5 /* Pods_PillsTests.framework */ = {isa = PBXFileReference; explicitFileType = wrapper.framework; includeInIndex = 0; path = Pods_PillsTests.framework; sourceTree = BUILT_PRODUCTS_DIR; };
		FA653B6727149C8B0011573F /* VerticalStackViewFabric.swift */ = {isa = PBXFileReference; lastKnownFileType = sourcecode.swift; path = VerticalStackViewFabric.swift; sourceTree = "<group>"; };
		FA653B6927149EAD0011573F /* HorizontalStackViewFabric.swift */ = {isa = PBXFileReference; lastKnownFileType = sourcecode.swift; path = HorizontalStackViewFabric.swift; sourceTree = "<group>"; };
		FA653B6D2714A04E0011573F /* FieldHeaderFabric.swift */ = {isa = PBXFileReference; lastKnownFileType = sourcecode.swift; path = FieldHeaderFabric.swift; sourceTree = "<group>"; };
		FA653B702714A0E10011573F /* AddNewCourseDelegate.swift */ = {isa = PBXFileReference; lastKnownFileType = sourcecode.swift; path = AddNewCourseDelegate.swift; sourceTree = "<group>"; };
		FA653B722714A1220011573F /* AddNewCourseTextFieldDelegate.swift */ = {isa = PBXFileReference; lastKnownFileType = sourcecode.swift; path = AddNewCourseTextFieldDelegate.swift; sourceTree = "<group>"; };
		FA653B742714A1480011573F /* AddNewCourseDataSourceProtocol.swift */ = {isa = PBXFileReference; lastKnownFileType = sourcecode.swift; path = AddNewCourseDataSourceProtocol.swift; sourceTree = "<group>"; };
		FA653B762714A5610011573F /* LabelFabric.swift */ = {isa = PBXFileReference; lastKnownFileType = sourcecode.swift; path = LabelFabric.swift; sourceTree = "<group>"; };
		FA9D870126F1114500408604 /* MedicineDescriptionVC.swift */ = {isa = PBXFileReference; lastKnownFileType = sourcecode.swift; path = MedicineDescriptionVC.swift; sourceTree = "<group>"; };
		FA9D870926F111AF00408604 /* MedicineDescriptionView.swift */ = {isa = PBXFileReference; lastKnownFileType = sourcecode.swift; path = MedicineDescriptionView.swift; sourceTree = "<group>"; };
		FA9D87E126F6416300408604 /* Event.swift */ = {isa = PBXFileReference; lastKnownFileType = sourcecode.swift; path = Event.swift; sourceTree = "<group>"; };
		FE1406FA26DC313E0062905C /* CustomTextField+UITextFieldDelegate.swift */ = {isa = PBXFileReference; lastKnownFileType = sourcecode.swift; path = "CustomTextField+UITextFieldDelegate.swift"; sourceTree = "<group>"; };
		FE1406FF26DC316C0062905C /* CustomTextField+UIPickerViewDelegate.swift */ = {isa = PBXFileReference; lastKnownFileType = sourcecode.swift; path = "CustomTextField+UIPickerViewDelegate.swift"; sourceTree = "<group>"; };
		FE14070426DC32C90062905C /* AddNewCourseView+PublicInterface.swift */ = {isa = PBXFileReference; lastKnownFileType = sourcecode.swift; path = "AddNewCourseView+PublicInterface.swift"; sourceTree = "<group>"; };
		FE2899C326CC3C5900B145FB /* JournalViewController.swift */ = {isa = PBXFileReference; fileEncoding = 4; lastKnownFileType = sourcecode.swift; path = JournalViewController.swift; sourceTree = "<group>"; };
		FE2899C826CC3C6200B145FB /* JournalMock.swift */ = {isa = PBXFileReference; fileEncoding = 4; lastKnownFileType = sourcecode.swift; path = JournalMock.swift; sourceTree = "<group>"; };
		FE2899CD26CC3C6F00B145FB /* JournalTableViewCell.swift */ = {isa = PBXFileReference; fileEncoding = 4; lastKnownFileType = sourcecode.swift; path = JournalTableViewCell.swift; sourceTree = "<group>"; };
		FE2899D226CC3C7500B145FB /* JournalTableView.swift */ = {isa = PBXFileReference; fileEncoding = 4; lastKnownFileType = sourcecode.swift; path = JournalTableView.swift; sourceTree = "<group>"; };
		FE79E3AD269CC09A00DACD24 /* Pills.app */ = {isa = PBXFileReference; explicitFileType = wrapper.application; includeInIndex = 0; path = Pills.app; sourceTree = BUILT_PRODUCTS_DIR; };
		FE79E3B0269CC09A00DACD24 /* AppDelegate.swift */ = {isa = PBXFileReference; lastKnownFileType = sourcecode.swift; path = AppDelegate.swift; sourceTree = "<group>"; };
		FE79E3B9269CC09D00DACD24 /* Assets.xcassets */ = {isa = PBXFileReference; lastKnownFileType = folder.assetcatalog; path = Assets.xcassets; sourceTree = "<group>"; };
		FE79E3BC269CC09D00DACD24 /* Base */ = {isa = PBXFileReference; lastKnownFileType = file.storyboard; name = Base; path = Base.lproj/LaunchScreen.storyboard; sourceTree = "<group>"; };
		FE79E3BE269CC09D00DACD24 /* Info.plist */ = {isa = PBXFileReference; lastKnownFileType = text.plist.xml; path = Info.plist; sourceTree = "<group>"; };
		FE79E3C3269CC09D00DACD24 /* PillsTests.xctest */ = {isa = PBXFileReference; explicitFileType = wrapper.cfbundle; includeInIndex = 0; path = PillsTests.xctest; sourceTree = BUILT_PRODUCTS_DIR; };
		FE79E3C7269CC09D00DACD24 /* PillsTests.swift */ = {isa = PBXFileReference; lastKnownFileType = sourcecode.swift; path = PillsTests.swift; sourceTree = "<group>"; };
		FE79E3C9269CC09D00DACD24 /* Info.plist */ = {isa = PBXFileReference; lastKnownFileType = text.plist.xml; path = Info.plist; sourceTree = "<group>"; };
		FE79E3CE269CC09D00DACD24 /* PillsUITests.xctest */ = {isa = PBXFileReference; explicitFileType = wrapper.cfbundle; includeInIndex = 0; path = PillsUITests.xctest; sourceTree = BUILT_PRODUCTS_DIR; };
		FE79E3D2269CC09D00DACD24 /* PillsUITests.swift */ = {isa = PBXFileReference; lastKnownFileType = sourcecode.swift; path = PillsUITests.swift; sourceTree = "<group>"; };
		FE79E3D4269CC09D00DACD24 /* Info.plist */ = {isa = PBXFileReference; lastKnownFileType = text.plist.xml; path = Info.plist; sourceTree = "<group>"; };
		FE79E40526A2DF9800DACD24 /* AppImages.swift */ = {isa = PBXFileReference; lastKnownFileType = sourcecode.swift; path = AppImages.swift; sourceTree = "<group>"; };
		FE79E40A26A30EDA00DACD24 /* AppImagesTest.swift */ = {isa = PBXFileReference; lastKnownFileType = sourcecode.swift; path = AppImagesTest.swift; sourceTree = "<group>"; };
		FE79E41C26A3165600DACD24 /* en */ = {isa = PBXFileReference; lastKnownFileType = text.plist.strings; name = en; path = en.lproj/Localizable.strings; sourceTree = "<group>"; };
		FE79E42126A3165B00DACD24 /* ru */ = {isa = PBXFileReference; lastKnownFileType = text.plist.strings; name = ru; path = ru.lproj/Localizable.strings; sourceTree = "<group>"; };
		FE79E42526A3180200DACD24 /* Localized.swift */ = {isa = PBXFileReference; lastKnownFileType = sourcecode.swift; path = Localized.swift; sourceTree = "<group>"; };
		FE79E43126A3186900DACD24 /* Text.swift */ = {isa = PBXFileReference; lastKnownFileType = sourcecode.swift; path = Text.swift; sourceTree = "<group>"; };
		FE79E43626A319BC00DACD24 /* LocalizationTest.swift */ = {isa = PBXFileReference; lastKnownFileType = sourcecode.swift; path = LocalizationTest.swift; sourceTree = "<group>"; };
		FE79E43B26A31C4900DACD24 /* AppColors.swift */ = {isa = PBXFileReference; lastKnownFileType = sourcecode.swift; path = AppColors.swift; sourceTree = "<group>"; };
		FE79E44126A31E9200DACD24 /* Hex.swift */ = {isa = PBXFileReference; lastKnownFileType = sourcecode.swift; path = Hex.swift; sourceTree = "<group>"; };
		FE79E44926A3200D00DACD24 /* AppColorsTest.swift */ = {isa = PBXFileReference; lastKnownFileType = sourcecode.swift; path = AppColorsTest.swift; sourceTree = "<group>"; };
		FE79E44E26A35F3900DACD24 /* Colors.xcassets */ = {isa = PBXFileReference; lastKnownFileType = folder.assetcatalog; path = Colors.xcassets; sourceTree = "<group>"; };
		FE79E47C26A59DD600DACD24 /* RealmMedKitEntry.swift */ = {isa = PBXFileReference; lastKnownFileType = sourcecode.swift; path = RealmMedKitEntry.swift; sourceTree = "<group>"; };
		FE79E48526A6C0BB00DACD24 /* RealmModelsTest.swift */ = {isa = PBXFileReference; lastKnownFileType = sourcecode.swift; path = RealmModelsTest.swift; sourceTree = "<group>"; };
		FEB957AD26A96FCE0093BA8D /* BaseRouter.swift */ = {isa = PBXFileReference; fileEncoding = 4; lastKnownFileType = sourcecode.swift; path = BaseRouter.swift; sourceTree = "<group>"; };
		FEB957B226A96FDF0093BA8D /* DevelopmentRouter.swift */ = {isa = PBXFileReference; fileEncoding = 4; lastKnownFileType = sourcecode.swift; path = DevelopmentRouter.swift; sourceTree = "<group>"; };
		FEB957B326A96FDF0093BA8D /* DevelopmentViewController.swift */ = {isa = PBXFileReference; fileEncoding = 4; lastKnownFileType = sourcecode.swift; path = DevelopmentViewController.swift; sourceTree = "<group>"; };
		FEB957B926A96FEB0093BA8D /* MainTabBarMaker.swift */ = {isa = PBXFileReference; fileEncoding = 4; lastKnownFileType = sourcecode.swift; path = MainTabBarMaker.swift; sourceTree = "<group>"; };
		FEB9580526AAF0D30093BA8D /* Date.swift */ = {isa = PBXFileReference; lastKnownFileType = sourcecode.swift; path = Date.swift; sourceTree = "<group>"; };
		FEB9586D26AF1FB00093BA8D /* RealmService.swift */ = {isa = PBXFileReference; lastKnownFileType = sourcecode.swift; path = RealmService.swift; sourceTree = "<group>"; };
		FECB19D626B1D63D00136DF0 /* SFCompactDisplay-Semibold.otf */ = {isa = PBXFileReference; lastKnownFileType = file; path = "SFCompactDisplay-Semibold.otf"; sourceTree = "<group>"; };
		FECB19D726B1D69100136DF0 /* SFCompactDisplay-Regular.otf */ = {isa = PBXFileReference; lastKnownFileType = file; path = "SFCompactDisplay-Regular.otf"; sourceTree = "<group>"; };
		FECB1A6B26BAE69400136DF0 /* AddNewCourseViewController.swift */ = {isa = PBXFileReference; lastKnownFileType = sourcecode.swift; path = AddNewCourseViewController.swift; sourceTree = "<group>"; };
		FED9593A26C4253F00E9B6C3 /* JournalView.swift */ = {isa = PBXFileReference; lastKnownFileType = sourcecode.swift; path = JournalView.swift; sourceTree = "<group>"; };
		FED9597B26C5882B00E9B6C3 /* CustomTextField.swift */ = {isa = PBXFileReference; lastKnownFileType = sourcecode.swift; path = CustomTextField.swift; sourceTree = "<group>"; };
		FED959AD26C9808D00E9B6C3 /* Int.swift */ = {isa = PBXFileReference; lastKnownFileType = sourcecode.swift; path = Int.swift; sourceTree = "<group>"; };
		FED959B226CAD78A00E9B6C3 /* AddNewCourseView.swift */ = {isa = PBXFileReference; lastKnownFileType = sourcecode.swift; path = AddNewCourseView.swift; sourceTree = "<group>"; };
/* End PBXFileReference section */

/* Begin PBXFrameworksBuildPhase section */
		FE79E3AA269CC09A00DACD24 /* Frameworks */ = {
			isa = PBXFrameworksBuildPhase;
			buildActionMask = 2147483647;
			files = (
				97EA0644FC5F4575B53D6A5D /* Pods_Pills.framework in Frameworks */,
			);
			runOnlyForDeploymentPostprocessing = 0;
		};
		FE79E3C0269CC09D00DACD24 /* Frameworks */ = {
			isa = PBXFrameworksBuildPhase;
			buildActionMask = 2147483647;
			files = (
				455133E9FD3C22F2F266D4B8 /* Pods_PillsTests.framework in Frameworks */,
			);
			runOnlyForDeploymentPostprocessing = 0;
		};
		FE79E3CB269CC09D00DACD24 /* Frameworks */ = {
			isa = PBXFrameworksBuildPhase;
			buildActionMask = 2147483647;
			files = (
				6C90F3A9D23430BFAC418825 /* Pods_Pills_PillsUITests.framework in Frameworks */,
			);
			runOnlyForDeploymentPostprocessing = 0;
		};
/* End PBXFrameworksBuildPhase section */

/* Begin PBXGroup section */
		11B0B76A26FF4D5700BD86BF /* Alerts */ = {
			isa = PBXGroup;
			children = (
				11B0B76C26FF4D5700BD86BF /* AlertView.swift */,
			);
			path = Alerts;
			sourceTree = "<group>";
		};
		11B0B77726FF4F7900BD86BF /* DeletePill */ = {
			isa = PBXGroup;
			children = (
				11B0B77826FF4F7900BD86BF /* Controller */,
				11B0B77A26FF4F7900BD86BF /* View */,
			);
			path = DeletePill;
			sourceTree = "<group>";
		};
		11B0B77826FF4F7900BD86BF /* Controller */ = {
			isa = PBXGroup;
			children = (
				11B0B77926FF4F7900BD86BF /* DeletePillViewController.swift */,
			);
			path = Controller;
			sourceTree = "<group>";
		};
		11B0B77A26FF4F7900BD86BF /* View */ = {
			isa = PBXGroup;
			children = (
				11B0B77B26FF4F7900BD86BF /* DeletePillView.swift */,
			);
			path = View;
			sourceTree = "<group>";
		};
		310B926E18EFEE7AE8E286B8 /* Frameworks */ = {
			isa = PBXGroup;
			children = (
				818A1C60DA19FBA817FCF4D1 /* Pods_Pills.framework */,
				3AA129D021F9E8300DC954A7 /* Pods_Pills_PillsUITests.framework */,
				F9BF7661179A49974BAFA9A5 /* Pods_PillsTests.framework */,
			);
			name = Frameworks;
			sourceTree = "<group>";
		};
		5C2C4E1AC8BFC8CBC81A7341 /* Pods */ = {
			isa = PBXGroup;
			children = (
				15CC9380A7D7692447008383 /* Pods-Pills.debug.xcconfig */,
				8FC09C85E8224273E7B5DED4 /* Pods-Pills.release.xcconfig */,
				48DA6DE1F3583984F385AD82 /* Pods-Pills-PillsUITests.debug.xcconfig */,
				F02E28BF080770F5D9757D6A /* Pods-Pills-PillsUITests.release.xcconfig */,
				A3432096ADB6872D9AB54AC4 /* Pods-PillsTests.debug.xcconfig */,
				8386280E237169135CA54BE9 /* Pods-PillsTests.release.xcconfig */,
			);
			path = Pods;
			sourceTree = "<group>";
		};
		849AE5C126A9CF2D00262D12 /* Settings */ = {
			isa = PBXGroup;
			children = (
				84C440B326D7E31200860F77 /* SettingsViewTableCell.swift */,
				849AE5C226A9CF5400262D12 /* SettingsViewController.swift */,
			);
			path = Settings;
			sourceTree = "<group>";
		};
		A3FBD9ED26A926BB00B8BE0E /* Journal */ = {
			isa = PBXGroup;
			children = (
				FED9593826C421BA00E9B6C3 /* Controller */,
				FED9593926C421C700E9B6C3 /* View */,
				FED9593726C421AE00E9B6C3 /* Models */,
			);
			path = Journal;
			sourceTree = "<group>";
		};
		A86DB93C26C54BD000AE866A /* Rate */ = {
			isa = PBXGroup;
			children = (
				A86DB93D26C54BD000AE866A /* Controller */,
				A86DB93F26C54BD000AE866A /* View */,
			);
			path = Rate;
			sourceTree = "<group>";
		};
		A86DB93D26C54BD000AE866A /* Controller */ = {
			isa = PBXGroup;
			children = (
				A86DB93E26C54BD000AE866A /* RateViewController.swift */,
			);
			path = Controller;
			sourceTree = "<group>";
		};
		A86DB93F26C54BD000AE866A /* View */ = {
			isa = PBXGroup;
			children = (
				A86DB94026C54BD000AE866A /* RateView.swift */,
			);
			path = View;
			sourceTree = "<group>";
		};
		A870AFE826A9A31E00624579 /* Courses */ = {
			isa = PBXGroup;
			children = (
				A870AFEB26A9A31E00624579 /* Controller */,
				A870AFED26A9A31E00624579 /* View */,
				A870AFE926A9A31E00624579 /* Models */,
			);
			path = Courses;
			sourceTree = "<group>";
		};
		A870AFE926A9A31E00624579 /* Models */ = {
			isa = PBXGroup;
			children = (
				A870AFF026A9A31E00624579 /* CourseViewModel.swift */,
				A870AFEA26A9A31E00624579 /* Course.swift */,
				A869AC9726B9C95A002019B0 /* CourseMock.swift */,
			);
			path = Models;
			sourceTree = "<group>";
		};
		A870AFEB26A9A31E00624579 /* Controller */ = {
			isa = PBXGroup;
			children = (
				A870AFEC26A9A31E00624579 /* CoursesViewController.swift */,
			);
			path = Controller;
			sourceTree = "<group>";
		};
		A870AFED26A9A31E00624579 /* View */ = {
			isa = PBXGroup;
			children = (
				A870AFEE26A9A31E00624579 /* CoursesView.swift */,
				A870AFEF26A9A31E00624579 /* CourseCell.swift */,
				FAEFC1F6270E0AE20068720D /* Subviews */,
			);
			path = View;
			sourceTree = "<group>";
		};
		A8E594DB26D976D5006F414A /* Subviews */ = {
			isa = PBXGroup;
			children = (
				A8E594DC26D976D5006F414A /* ReceiveFreqPillsView.swift */,
				A8E594DD26D976D5006F414A /* DaysCycleStackView.swift */,
				A8E594DE26D976D5006F414A /* CertainDaysStackView.swift */,
			);
			path = Subviews;
			sourceTree = "<group>";
		};
		FA477CAF2711E72300F8968B /* Controller */ = {
			isa = PBXGroup;
			children = (
				FECB1A6B26BAE69400136DF0 /* AddNewCourseViewController.swift */,
			);
			path = Controller;
			sourceTree = "<group>";
		};
		FA477CB02711E73100F8968B /* View */ = {
			isa = PBXGroup;
			children = (
				FED959B226CAD78A00E9B6C3 /* AddNewCourseView.swift */,
				A8E594DB26D976D5006F414A /* Subviews */,
			);
			path = View;
			sourceTree = "<group>";
		};
		FA653B6B27149FE30011573F /* Fabric */ = {
			isa = PBXGroup;
			children = (
				FA653B6727149C8B0011573F /* VerticalStackViewFabric.swift */,
				FA653B6927149EAD0011573F /* HorizontalStackViewFabric.swift */,
				FA653B6D2714A04E0011573F /* FieldHeaderFabric.swift */,
				FA653B762714A5610011573F /* LabelFabric.swift */,
			);
			path = Fabric;
			sourceTree = "<group>";
		};
		FA653B6C2714A0050011573F /* Extension */ = {
			isa = PBXGroup;
			children = (
				FE14070426DC32C90062905C /* AddNewCourseView+PublicInterface.swift */,
			);
			path = Extension;
			sourceTree = "<group>";
		};
		FA653B6F2714A09B0011573F /* Protocols */ = {
			isa = PBXGroup;
			children = (
				FA653B702714A0E10011573F /* AddNewCourseDelegate.swift */,
				FA653B722714A1220011573F /* AddNewCourseTextFieldDelegate.swift */,
				FA653B742714A1480011573F /* AddNewCourseDataSourceProtocol.swift */,
			);
			path = Protocols;
			sourceTree = "<group>";
		};
		FA9D86FE26F110F700408604 /* MedicineDescription */ = {
			isa = PBXGroup;
			children = (
				FA9D86FF26F1110D00408604 /* Controller */,
				FA9D870026F1111300408604 /* View */,
			);
			path = MedicineDescription;
			sourceTree = "<group>";
		};
		FA9D86FF26F1110D00408604 /* Controller */ = {
			isa = PBXGroup;
			children = (
				FA9D870126F1114500408604 /* MedicineDescriptionVC.swift */,
			);
			path = Controller;
			sourceTree = "<group>";
		};
		FA9D870026F1111300408604 /* View */ = {
			isa = PBXGroup;
			children = (
				FA9D870926F111AF00408604 /* MedicineDescriptionView.swift */,
			);
			path = View;
			sourceTree = "<group>";
		};
		FAEFC1F6270E0AE20068720D /* Subviews */ = {
			isa = PBXGroup;
			children = (
				A802CBD326B68AAE004E7365 /* ProgressView.swift */,
				A802CBCE26B68A9E004E7365 /* CourseCellView.swift */,
				A802CBC626B68A55004E7365 /* StubCourseView.swift */,
			);
			path = Subviews;
			sourceTree = "<group>";
		};
		FAEFC1F7270E0B620068720D /* Subviews */ = {
			isa = PBXGroup;
			children = (
				A35BE20026C83C6400AA1942 /* CalendarCell.swift */,
				FE2899D226CC3C7500B145FB /* JournalTableView.swift */,
			);
			path = Subviews;
			sourceTree = "<group>";
		};
		FE79E3A4269CC09A00DACD24 = {
			isa = PBXGroup;
			children = (
				FE79E3AF269CC09A00DACD24 /* Pills */,
				FE79E3C6269CC09D00DACD24 /* PillsTests */,
				FE79E3D1269CC09D00DACD24 /* PillsUITests */,
				FE79E3AE269CC09A00DACD24 /* Products */,
				5C2C4E1AC8BFC8CBC81A7341 /* Pods */,
				310B926E18EFEE7AE8E286B8 /* Frameworks */,
			);
			sourceTree = "<group>";
		};
		FE79E3AE269CC09A00DACD24 /* Products */ = {
			isa = PBXGroup;
			children = (
				FE79E3AD269CC09A00DACD24 /* Pills.app */,
				FE79E3C3269CC09D00DACD24 /* PillsTests.xctest */,
				FE79E3CE269CC09D00DACD24 /* PillsUITests.xctest */,
			);
			name = Products;
			sourceTree = "<group>";
		};
		FE79E3AF269CC09A00DACD24 /* Pills */ = {
			isa = PBXGroup;
			children = (
				FEB957AC26A96FB80093BA8D /* Core */,
				FE79E3E9269CC83100DACD24 /* Application */,
				FE79E3EA269CC88200DACD24 /* Common */,
				FE79E3EB269CC8A100DACD24 /* Modules */,
				FE79E3EC269CC8D500DACD24 /* Resources */,
			);
			path = Pills;
			sourceTree = "<group>";
		};
		FE79E3C6269CC09D00DACD24 /* PillsTests */ = {
			isa = PBXGroup;
			children = (
				FE79E3C7269CC09D00DACD24 /* PillsTests.swift */,
				FE79E3C9269CC09D00DACD24 /* Info.plist */,
				FE79E40A26A30EDA00DACD24 /* AppImagesTest.swift */,
				FE79E43626A319BC00DACD24 /* LocalizationTest.swift */,
				FE79E44926A3200D00DACD24 /* AppColorsTest.swift */,
				FE79E48526A6C0BB00DACD24 /* RealmModelsTest.swift */,
			);
			path = PillsTests;
			sourceTree = "<group>";
		};
		FE79E3D1269CC09D00DACD24 /* PillsUITests */ = {
			isa = PBXGroup;
			children = (
				FE79E3D2269CC09D00DACD24 /* PillsUITests.swift */,
				FE79E3D4269CC09D00DACD24 /* Info.plist */,
			);
			path = PillsUITests;
			sourceTree = "<group>";
		};
		FE79E3E9269CC83100DACD24 /* Application */ = {
			isa = PBXGroup;
			children = (
				E1544C5E2710C78E00648E42 /* GoogleService-Info.plist */,
				FE79E3BE269CC09D00DACD24 /* Info.plist */,
				FE79E3B0269CC09A00DACD24 /* AppDelegate.swift */,
			);
			path = Application;
			sourceTree = "<group>";
		};
		FE79E3EA269CC88200DACD24 /* Common */ = {
			isa = PBXGroup;
			children = (
				FE79E3EE269CC95000DACD24 /* Services */,
				FE79E3ED269CC93E00DACD24 /* Models */,
				FE79E3F2269CC99D00DACD24 /* Extensions */,
				FE79E3F1269CC98E00DACD24 /* Helpers */,
				FE79E3F0269CC98200DACD24 /* Classes */,
				FE79E3EF269CC96A00DACD24 /* Protocols */,
			);
			path = Common;
			sourceTree = "<group>";
		};
		FE79E3EB269CC8A100DACD24 /* Modules */ = {
			isa = PBXGroup;
			children = (
				11B0B77726FF4F7900BD86BF /* DeletePill */,
				11B0B76A26FF4D5700BD86BF /* Alerts */,
				FA9D86FE26F110F700408604 /* MedicineDescription */,
				A86DB93C26C54BD000AE866A /* Rate */,
				FECB1A6A26BAE5D300136DF0 /* AddNewCourse */,
				A870AFE826A9A31E00624579 /* Courses */,
				A3FBD9ED26A926BB00B8BE0E /* Journal */,
				FE79E3FB269CCCE100DACD24 /* Intro */,
				FE79E3F4269CCABF00DACD24 /* Profile */,
				FE79E3F5269CCAD000DACD24 /* TabBar */,
				849AE5C126A9CF2D00262D12 /* Settings */,
			);
			path = Modules;
			sourceTree = "<group>";
		};
		FE79E3EC269CC8D500DACD24 /* Resources */ = {
			isa = PBXGroup;
			children = (
				FECB19D526B1D5BA00136DF0 /* Fonts */,
				FE79E3B9269CC09D00DACD24 /* Assets.xcassets */,
				FE79E3BB269CC09D00DACD24 /* LaunchScreen.storyboard */,
				FE79E41D26A3165600DACD24 /* Localizable.strings */,
				FE79E44E26A35F3900DACD24 /* Colors.xcassets */,
			);
			path = Resources;
			sourceTree = "<group>";
		};
		FE79E3ED269CC93E00DACD24 /* Models */ = {
			isa = PBXGroup;
			children = (
				FE79E47C26A59DD600DACD24 /* RealmMedKitEntry.swift */,
				553A359426C02D59006FFA6F /* NotificationModel.swift */,
			);
			path = Models;
			sourceTree = "<group>";
		};
		FE79E3EE269CC95000DACD24 /* Services */ = {
			isa = PBXGroup;
			children = (
				FEB9586D26AF1FB00093BA8D /* RealmService.swift */,
				553A358C26C02BC9006FFA6F /* NotificationService.swift */,
			);
			path = Services;
			sourceTree = "<group>";
		};
		FE79E3EF269CC96A00DACD24 /* Protocols */ = {
			isa = PBXGroup;
			children = (
				A86DB95A26C54D6200AE866A /* AutoReusable.swift */,
			);
			path = Protocols;
			sourceTree = "<group>";
		};
		FE79E3F0269CC98200DACD24 /* Classes */ = {
			isa = PBXGroup;
			children = (
				FED9597A26C587F800E9B6C3 /* UI */,
			);
			path = Classes;
			sourceTree = "<group>";
		};
		FE79E3F1269CC98E00DACD24 /* Helpers */ = {
			isa = PBXGroup;
			children = (
				FE79E40526A2DF9800DACD24 /* AppImages.swift */,
				FE79E43126A3186900DACD24 /* Text.swift */,
				FE79E43B26A31C4900DACD24 /* AppColors.swift */,
				A870B00426A9D58E00624579 /* AppLayout.swift */,
				5511C6A326AC246B009CDA41 /* UIView+Constraints.swift */,
				A884C4DC26B079AF00BACC90 /* AddButton.swift */,
				8423A9F526BB3510008F64AA /* AppConstants.swift */,
			);
			path = Helpers;
			sourceTree = "<group>";
		};
		FE79E3F2269CC99D00DACD24 /* Extensions */ = {
			isa = PBXGroup;
			children = (
				E1544C5C2710C1ED00648E42 /* UIView.swift */,
				FEB9580526AAF0D30093BA8D /* Date.swift */,
				FE79E44026A31E7B00DACD24 /* UIColor */,
				FE79E42D26A3182100DACD24 /* String */,
				A86DB94626C54C3600AE866A /* TableView.swift */,
				A86DB94B26C54C3D00AE866A /* CollectionView.swift */,
				A86DB95526C54C5300AE866A /* StackView.swift */,
				A8E594E526D976FD006F414A /* TextField.swift */,
				A8329E6826C69A8600AD6A11 /* Label.swift */,
				A81ECCF726C6D61E0039DE67 /* Button.swift */,
				FED959AD26C9808D00E9B6C3 /* Int.swift */,
				E1EC06AF26F774550045AAB1 /* UIImage.swift */,
				11B0B77E26FF926500BD86BF /* Bool.swift */,
				1171C019270F48EC0047D1AF /* UIViewController.swift */,
				1171C01B270F511D0047D1AF /* UIScreen.swift */,
			);
			path = Extensions;
			sourceTree = "<group>";
		};
		FE79E3F4269CCABF00DACD24 /* Profile */ = {
			isa = PBXGroup;
			children = (
			);
			path = Profile;
			sourceTree = "<group>";
		};
		FE79E3F5269CCAD000DACD24 /* TabBar */ = {
			isa = PBXGroup;
			children = (
				FEB957B926A96FEB0093BA8D /* MainTabBarMaker.swift */,
			);
			path = TabBar;
			sourceTree = "<group>";
		};
		FE79E3FB269CCCE100DACD24 /* Intro */ = {
			isa = PBXGroup;
			children = (
				FEB957B226A96FDF0093BA8D /* DevelopmentRouter.swift */,
				5511C6AE26AC29E4009CDA41 /* DevelopmentBuilder.swift */,
				FEB957B326A96FDF0093BA8D /* DevelopmentViewController.swift */,
			);
			path = Intro;
			sourceTree = "<group>";
		};
		FE79E42D26A3182100DACD24 /* String */ = {
			isa = PBXGroup;
			children = (
				FE79E42526A3180200DACD24 /* Localized.swift */,
			);
			path = String;
			sourceTree = "<group>";
		};
		FE79E44026A31E7B00DACD24 /* UIColor */ = {
			isa = PBXGroup;
			children = (
				FE79E44126A31E9200DACD24 /* Hex.swift */,
			);
			path = UIColor;
			sourceTree = "<group>";
		};
		FEB957AC26A96FB80093BA8D /* Core */ = {
			isa = PBXGroup;
			children = (
				FEB957AD26A96FCE0093BA8D /* BaseRouter.swift */,
				556A4FF126C0134F00249B49 /* BaseViewController.swift */,
				555E30BE26AC05E400F7EF0A /* AppCoordinator.swift */,
			);
			path = Core;
			sourceTree = "<group>";
		};
		FECB19D526B1D5BA00136DF0 /* Fonts */ = {
			isa = PBXGroup;
			children = (
				FECB19D726B1D69100136DF0 /* SFCompactDisplay-Regular.otf */,
				FECB19D626B1D63D00136DF0 /* SFCompactDisplay-Semibold.otf */,
			);
			path = Fonts;
			sourceTree = "<group>";
		};
		FECB1A6A26BAE5D300136DF0 /* AddNewCourse */ = {
			isa = PBXGroup;
			children = (
				FA477CAF2711E72300F8968B /* Controller */,
				FA477CB02711E73100F8968B /* View */,
				FA653B6C2714A0050011573F /* Extension */,
				FA653B6B27149FE30011573F /* Fabric */,
				FA653B6F2714A09B0011573F /* Protocols */,
			);
			path = AddNewCourse;
			sourceTree = "<group>";
		};
		FED9593726C421AE00E9B6C3 /* Models */ = {
			isa = PBXGroup;
			children = (
				FA9D87E126F6416300408604 /* Event.swift */,
				FE2899C826CC3C6200B145FB /* JournalMock.swift */,
			);
			path = Models;
			sourceTree = "<group>";
		};
		FED9593826C421BA00E9B6C3 /* Controller */ = {
			isa = PBXGroup;
			children = (
				FE2899C326CC3C5900B145FB /* JournalViewController.swift */,
			);
			path = Controller;
			sourceTree = "<group>";
		};
		FED9593926C421C700E9B6C3 /* View */ = {
			isa = PBXGroup;
			children = (
				FED9593A26C4253F00E9B6C3 /* JournalView.swift */,
				FE2899CD26CC3C6F00B145FB /* JournalTableViewCell.swift */,
				FAEFC1F7270E0B620068720D /* Subviews */,
			);
			path = View;
			sourceTree = "<group>";
		};
		FED9597A26C587F800E9B6C3 /* UI */ = {
			isa = PBXGroup;
			children = (
				FED9597B26C5882B00E9B6C3 /* CustomTextField.swift */,
				FE1406FA26DC313E0062905C /* CustomTextField+UITextFieldDelegate.swift */,
				FE1406FF26DC316C0062905C /* CustomTextField+UIPickerViewDelegate.swift */,
			);
			path = UI;
			sourceTree = "<group>";
		};
/* End PBXGroup section */

/* Begin PBXNativeTarget section */
		FE79E3AC269CC09A00DACD24 /* Pills */ = {
			isa = PBXNativeTarget;
			buildConfigurationList = FE79E3D7269CC09D00DACD24 /* Build configuration list for PBXNativeTarget "Pills" */;
			buildPhases = (
				0F303C14C7DD2A4F6C4D0C51 /* [CP] Check Pods Manifest.lock */,
				84EBD3C1269D5CD9002BC758 /* ShellScript */,
				FE79E3A9269CC09A00DACD24 /* Sources */,
				FE79E3AA269CC09A00DACD24 /* Frameworks */,
				FE79E3AB269CC09A00DACD24 /* Resources */,
				C1AA81CB1F6D92460399F6FC /* [CP] Embed Pods Frameworks */,
				1171C016270F3AC10047D1AF /* ShellScript */,
			);
			buildRules = (
			);
			dependencies = (
			);
			name = Pills;
			productName = Pills;
			productReference = FE79E3AD269CC09A00DACD24 /* Pills.app */;
			productType = "com.apple.product-type.application";
		};
		FE79E3C2269CC09D00DACD24 /* PillsTests */ = {
			isa = PBXNativeTarget;
			buildConfigurationList = FE79E3DA269CC09D00DACD24 /* Build configuration list for PBXNativeTarget "PillsTests" */;
			buildPhases = (
				487EB6F48669530420A09E92 /* [CP] Check Pods Manifest.lock */,
				FE79E3BF269CC09D00DACD24 /* Sources */,
				FE79E3C0269CC09D00DACD24 /* Frameworks */,
				FE79E3C1269CC09D00DACD24 /* Resources */,
				6AB1B82AE202027471EEE138 /* [CP] Embed Pods Frameworks */,
			);
			buildRules = (
			);
			dependencies = (
				FE79E3C5269CC09D00DACD24 /* PBXTargetDependency */,
			);
			name = PillsTests;
			productName = PillsTests;
			productReference = FE79E3C3269CC09D00DACD24 /* PillsTests.xctest */;
			productType = "com.apple.product-type.bundle.unit-test";
		};
		FE79E3CD269CC09D00DACD24 /* PillsUITests */ = {
			isa = PBXNativeTarget;
			buildConfigurationList = FE79E3DD269CC09D00DACD24 /* Build configuration list for PBXNativeTarget "PillsUITests" */;
			buildPhases = (
				0DA5F1B06781E1CD20698438 /* [CP] Check Pods Manifest.lock */,
				FE79E3CA269CC09D00DACD24 /* Sources */,
				FE79E3CB269CC09D00DACD24 /* Frameworks */,
				FE79E3CC269CC09D00DACD24 /* Resources */,
				A65D459B124F3CB174394669 /* [CP] Embed Pods Frameworks */,
			);
			buildRules = (
			);
			dependencies = (
				FE79E3D0269CC09D00DACD24 /* PBXTargetDependency */,
			);
			name = PillsUITests;
			productName = PillsUITests;
			productReference = FE79E3CE269CC09D00DACD24 /* PillsUITests.xctest */;
			productType = "com.apple.product-type.bundle.ui-testing";
		};
/* End PBXNativeTarget section */

/* Begin PBXProject section */
		FE79E3A5269CC09A00DACD24 /* Project object */ = {
			isa = PBXProject;
			attributes = {
				LastSwiftUpdateCheck = 1220;
				LastUpgradeCheck = 1220;
				TargetAttributes = {
					FE79E3AC269CC09A00DACD24 = {
						CreatedOnToolsVersion = 12.2;
					};
					FE79E3C2269CC09D00DACD24 = {
						CreatedOnToolsVersion = 12.2;
						TestTargetID = FE79E3AC269CC09A00DACD24;
					};
					FE79E3CD269CC09D00DACD24 = {
						CreatedOnToolsVersion = 12.2;
						TestTargetID = FE79E3AC269CC09A00DACD24;
					};
				};
			};
			buildConfigurationList = FE79E3A8269CC09A00DACD24 /* Build configuration list for PBXProject "Pills" */;
			compatibilityVersion = "Xcode 9.3";
			developmentRegion = en;
			hasScannedForEncodings = 0;
			knownRegions = (
				en,
				Base,
				ru,
			);
			mainGroup = FE79E3A4269CC09A00DACD24;
			productRefGroup = FE79E3AE269CC09A00DACD24 /* Products */;
			projectDirPath = "";
			projectRoot = "";
			targets = (
				FE79E3AC269CC09A00DACD24 /* Pills */,
				FE79E3C2269CC09D00DACD24 /* PillsTests */,
				FE79E3CD269CC09D00DACD24 /* PillsUITests */,
			);
		};
/* End PBXProject section */

/* Begin PBXResourcesBuildPhase section */
		FE79E3AB269CC09A00DACD24 /* Resources */ = {
			isa = PBXResourcesBuildPhase;
			buildActionMask = 2147483647;
			files = (
				FECB19D826B1D6CF00136DF0 /* SFCompactDisplay-Regular.otf in Resources */,
				FE79E3BD269CC09D00DACD24 /* LaunchScreen.storyboard in Resources */,
				FE79E44F26A35F3900DACD24 /* Colors.xcassets in Resources */,
				FE79E41B26A3165600DACD24 /* Localizable.strings in Resources */,
				FECB19DC26B1D6D200136DF0 /* SFCompactDisplay-Semibold.otf in Resources */,
				FE79E3BA269CC09D00DACD24 /* Assets.xcassets in Resources */,
				E1544C5F2710C78E00648E42 /* GoogleService-Info.plist in Resources */,
			);
			runOnlyForDeploymentPostprocessing = 0;
		};
		FE79E3C1269CC09D00DACD24 /* Resources */ = {
			isa = PBXResourcesBuildPhase;
			buildActionMask = 2147483647;
			files = (
			);
			runOnlyForDeploymentPostprocessing = 0;
		};
		FE79E3CC269CC09D00DACD24 /* Resources */ = {
			isa = PBXResourcesBuildPhase;
			buildActionMask = 2147483647;
			files = (
			);
			runOnlyForDeploymentPostprocessing = 0;
		};
/* End PBXResourcesBuildPhase section */

/* Begin PBXShellScriptBuildPhase section */
		0DA5F1B06781E1CD20698438 /* [CP] Check Pods Manifest.lock */ = {
			isa = PBXShellScriptBuildPhase;
			buildActionMask = 2147483647;
			files = (
			);
			inputFileListPaths = (
			);
			inputPaths = (
				"${PODS_PODFILE_DIR_PATH}/Podfile.lock",
				"${PODS_ROOT}/Manifest.lock",
			);
			name = "[CP] Check Pods Manifest.lock";
			outputFileListPaths = (
			);
			outputPaths = (
				"$(DERIVED_FILE_DIR)/Pods-Pills-PillsUITests-checkManifestLockResult.txt",
			);
			runOnlyForDeploymentPostprocessing = 0;
			shellPath = /bin/sh;
			shellScript = "diff \"${PODS_PODFILE_DIR_PATH}/Podfile.lock\" \"${PODS_ROOT}/Manifest.lock\" > /dev/null\nif [ $? != 0 ] ; then\n    # print error to STDERR\n    echo \"error: The sandbox is not in sync with the Podfile.lock. Run 'pod install' or update your CocoaPods installation.\" >&2\n    exit 1\nfi\n# This output is used by Xcode 'outputs' to avoid re-running this script phase.\necho \"SUCCESS\" > \"${SCRIPT_OUTPUT_FILE_0}\"\n";
			showEnvVarsInLog = 0;
		};
		0F303C14C7DD2A4F6C4D0C51 /* [CP] Check Pods Manifest.lock */ = {
			isa = PBXShellScriptBuildPhase;
			buildActionMask = 2147483647;
			files = (
			);
			inputFileListPaths = (
			);
			inputPaths = (
				"${PODS_PODFILE_DIR_PATH}/Podfile.lock",
				"${PODS_ROOT}/Manifest.lock",
			);
			name = "[CP] Check Pods Manifest.lock";
			outputFileListPaths = (
			);
			outputPaths = (
				"$(DERIVED_FILE_DIR)/Pods-Pills-checkManifestLockResult.txt",
			);
			runOnlyForDeploymentPostprocessing = 0;
			shellPath = /bin/sh;
			shellScript = "diff \"${PODS_PODFILE_DIR_PATH}/Podfile.lock\" \"${PODS_ROOT}/Manifest.lock\" > /dev/null\nif [ $? != 0 ] ; then\n    # print error to STDERR\n    echo \"error: The sandbox is not in sync with the Podfile.lock. Run 'pod install' or update your CocoaPods installation.\" >&2\n    exit 1\nfi\n# This output is used by Xcode 'outputs' to avoid re-running this script phase.\necho \"SUCCESS\" > \"${SCRIPT_OUTPUT_FILE_0}\"\n";
			showEnvVarsInLog = 0;
		};
		1171C016270F3AC10047D1AF /* ShellScript */ = {
			isa = PBXShellScriptBuildPhase;
			buildActionMask = 2147483647;
			files = (
			);
			inputFileListPaths = (
			);
			inputPaths = (
				"${DWARF_DSYM_FOLDER_PATH}/${DWARF_DSYM_FILE_NAME}/Contents/Resources/DWARF/${TARGET_NAME}",
				"$(SRCROOT)/$(BUILT_PRODUCTS_DIR)/$(INFOPLIST_PATH)",
			);
			outputFileListPaths = (
			);
			outputPaths = (
			);
			runOnlyForDeploymentPostprocessing = 0;
			shellPath = /bin/sh;
			shellScript = "\"${PODS_ROOT}/FirebaseCrashlytics/run\"\n";
		};
		487EB6F48669530420A09E92 /* [CP] Check Pods Manifest.lock */ = {
			isa = PBXShellScriptBuildPhase;
			buildActionMask = 2147483647;
			files = (
			);
			inputFileListPaths = (
			);
			inputPaths = (
				"${PODS_PODFILE_DIR_PATH}/Podfile.lock",
				"${PODS_ROOT}/Manifest.lock",
			);
			name = "[CP] Check Pods Manifest.lock";
			outputFileListPaths = (
			);
			outputPaths = (
				"$(DERIVED_FILE_DIR)/Pods-PillsTests-checkManifestLockResult.txt",
			);
			runOnlyForDeploymentPostprocessing = 0;
			shellPath = /bin/sh;
			shellScript = "diff \"${PODS_PODFILE_DIR_PATH}/Podfile.lock\" \"${PODS_ROOT}/Manifest.lock\" > /dev/null\nif [ $? != 0 ] ; then\n    # print error to STDERR\n    echo \"error: The sandbox is not in sync with the Podfile.lock. Run 'pod install' or update your CocoaPods installation.\" >&2\n    exit 1\nfi\n# This output is used by Xcode 'outputs' to avoid re-running this script phase.\necho \"SUCCESS\" > \"${SCRIPT_OUTPUT_FILE_0}\"\n";
			showEnvVarsInLog = 0;
		};
		6AB1B82AE202027471EEE138 /* [CP] Embed Pods Frameworks */ = {
			isa = PBXShellScriptBuildPhase;
			buildActionMask = 2147483647;
			files = (
			);
			inputFileListPaths = (
				"${PODS_ROOT}/Target Support Files/Pods-PillsTests/Pods-PillsTests-frameworks-${CONFIGURATION}-input-files.xcfilelist",
			);
			name = "[CP] Embed Pods Frameworks";
			outputFileListPaths = (
				"${PODS_ROOT}/Target Support Files/Pods-PillsTests/Pods-PillsTests-frameworks-${CONFIGURATION}-output-files.xcfilelist",
			);
			runOnlyForDeploymentPostprocessing = 0;
			shellPath = /bin/sh;
			shellScript = "\"${PODS_ROOT}/Target Support Files/Pods-PillsTests/Pods-PillsTests-frameworks.sh\"\n";
			showEnvVarsInLog = 0;
		};
		84EBD3C1269D5CD9002BC758 /* ShellScript */ = {
			isa = PBXShellScriptBuildPhase;
			buildActionMask = 2147483647;
			files = (
			);
			inputFileListPaths = (
			);
			inputPaths = (
			);
			outputFileListPaths = (
			);
			outputPaths = (
			);
			runOnlyForDeploymentPostprocessing = 0;
			shellPath = /bin/sh;
			shellScript = "if which swiftlint >/dev/null; then\n  swiftlint\nelse\n  echo \"error: SwiftLint does not exist, download it from https://github.com/realm/SwiftLint\"\n  exit 1\nfi\n";
		};
		A65D459B124F3CB174394669 /* [CP] Embed Pods Frameworks */ = {
			isa = PBXShellScriptBuildPhase;
			buildActionMask = 2147483647;
			files = (
			);
			inputFileListPaths = (
				"${PODS_ROOT}/Target Support Files/Pods-Pills-PillsUITests/Pods-Pills-PillsUITests-frameworks-${CONFIGURATION}-input-files.xcfilelist",
			);
			name = "[CP] Embed Pods Frameworks";
			outputFileListPaths = (
				"${PODS_ROOT}/Target Support Files/Pods-Pills-PillsUITests/Pods-Pills-PillsUITests-frameworks-${CONFIGURATION}-output-files.xcfilelist",
			);
			runOnlyForDeploymentPostprocessing = 0;
			shellPath = /bin/sh;
			shellScript = "\"${PODS_ROOT}/Target Support Files/Pods-Pills-PillsUITests/Pods-Pills-PillsUITests-frameworks.sh\"\n";
			showEnvVarsInLog = 0;
		};
		C1AA81CB1F6D92460399F6FC /* [CP] Embed Pods Frameworks */ = {
			isa = PBXShellScriptBuildPhase;
			buildActionMask = 2147483647;
			files = (
			);
			inputFileListPaths = (
				"${PODS_ROOT}/Target Support Files/Pods-Pills/Pods-Pills-frameworks-${CONFIGURATION}-input-files.xcfilelist",
			);
			name = "[CP] Embed Pods Frameworks";
			outputFileListPaths = (
				"${PODS_ROOT}/Target Support Files/Pods-Pills/Pods-Pills-frameworks-${CONFIGURATION}-output-files.xcfilelist",
			);
			runOnlyForDeploymentPostprocessing = 0;
			shellPath = /bin/sh;
			shellScript = "\"${PODS_ROOT}/Target Support Files/Pods-Pills/Pods-Pills-frameworks.sh\"\n";
			showEnvVarsInLog = 0;
		};
/* End PBXShellScriptBuildPhase section */

/* Begin PBXSourcesBuildPhase section */
		FE79E3A9269CC09A00DACD24 /* Sources */ = {
			isa = PBXSourcesBuildPhase;
			buildActionMask = 2147483647;
			files = (
				A870AFF626A9A31E00624579 /* CourseViewModel.swift in Sources */,
				A86DB95B26C54D6200AE866A /* AutoReusable.swift in Sources */,
				A802CBC726B68A55004E7365 /* StubCourseView.swift in Sources */,
				A8E594E626D976FD006F414A /* TextField.swift in Sources */,
				FA653B732714A1220011573F /* AddNewCourseTextFieldDelegate.swift in Sources */,
				FE2899CE26CC3C6F00B145FB /* JournalTableViewCell.swift in Sources */,
				E1EC06B026F774550045AAB1 /* UIImage.swift in Sources */,
				553A358D26C02BC9006FFA6F /* NotificationService.swift in Sources */,
				A86DB95626C54C5300AE866A /* StackView.swift in Sources */,
				8423A9F626BB3510008F64AA /* AppConstants.swift in Sources */,
				A86DB94226C54BD000AE866A /* RateView.swift in Sources */,
				FA653B6A27149EAD0011573F /* HorizontalStackViewFabric.swift in Sources */,
				556A4FF226C0134F00249B49 /* BaseViewController.swift in Sources */,
				555E30BF26AC05E400F7EF0A /* AppCoordinator.swift in Sources */,
				FA653B6E2714A04E0011573F /* FieldHeaderFabric.swift in Sources */,
				11B0B77F26FF926500BD86BF /* Bool.swift in Sources */,
				FA653B6827149C8B0011573F /* VerticalStackViewFabric.swift in Sources */,
				A8E594E126D976D5006F414A /* CertainDaysStackView.swift in Sources */,
				FE2899D326CC3C7500B145FB /* JournalTableView.swift in Sources */,
				A884C4DD26B079AF00BACC90 /* AddButton.swift in Sources */,
				FE79E47D26A59DD600DACD24 /* RealmMedKitEntry.swift in Sources */,
				FEB9580626AAF0D30093BA8D /* Date.swift in Sources */,
				FA653B772714A5610011573F /* LabelFabric.swift in Sources */,
				FE79E44226A31E9200DACD24 /* Hex.swift in Sources */,
				A86DB94C26C54C3E00AE866A /* CollectionView.swift in Sources */,
				84C440B426D7E31200860F77 /* SettingsViewTableCell.swift in Sources */,
				A802CBCF26B68A9E004E7365 /* CourseCellView.swift in Sources */,
				FE79E40626A2DF9800DACD24 /* AppImages.swift in Sources */,
				FE79E3B1269CC09A00DACD24 /* AppDelegate.swift in Sources */,
				11B0B77C26FF4F7900BD86BF /* DeletePillViewController.swift in Sources */,
				FA653B712714A0E10011573F /* AddNewCourseDelegate.swift in Sources */,
				FE14070526DC32C90062905C /* AddNewCourseView+PublicInterface.swift in Sources */,
				11EE2227272741010036F432 /* UIView.swift in Sources */,
				FEB957B426A96FDF0093BA8D /* DevelopmentRouter.swift in Sources */,
				553A359526C02D59006FFA6F /* NotificationModel.swift in Sources */,
				A8E594E026D976D5006F414A /* DaysCycleStackView.swift in Sources */,
				A869AC9826B9C95A002019B0 /* CourseMock.swift in Sources */,
				FA653B752714A1480011573F /* AddNewCourseDataSourceProtocol.swift in Sources */,
				FED959B326CAD78A00E9B6C3 /* AddNewCourseView.swift in Sources */,
				1171C01C270F511D0047D1AF /* UIScreen.swift in Sources */,
				5511C6AF26AC29E4009CDA41 /* DevelopmentBuilder.swift in Sources */,
				11B0B76E26FF4D5700BD86BF /* AlertView.swift in Sources */,
				A86DB94726C54C3600AE866A /* TableView.swift in Sources */,
				A81ECCF826C6D61E0039DE67 /* Button.swift in Sources */,
				A35BE20126C83C6400AA1942 /* CalendarCell.swift in Sources */,
				A8329E6926C69A8600AD6A11 /* Label.swift in Sources */,
				FA9D870226F1114500408604 /* MedicineDescriptionVC.swift in Sources */,
				5511C6A426AC246B009CDA41 /* UIView+Constraints.swift in Sources */,
				FEB957B526A96FDF0093BA8D /* DevelopmentViewController.swift in Sources */,
				A870AFF226A9A31E00624579 /* Course.swift in Sources */,
				FEB957BA26A96FEB0093BA8D /* MainTabBarMaker.swift in Sources */,
				1171C01A270F48EC0047D1AF /* UIViewController.swift in Sources */,
				FEB957AE26A96FCE0093BA8D /* BaseRouter.swift in Sources */,
				A8E594DF26D976D5006F414A /* ReceiveFreqPillsView.swift in Sources */,
				FED9597C26C5882B00E9B6C3 /* CustomTextField.swift in Sources */,
				A870AFF426A9A31E00624579 /* CoursesView.swift in Sources */,
				A870AFF526A9A31E00624579 /* CourseCell.swift in Sources */,
				FED959AE26C9808E00E9B6C3 /* Int.swift in Sources */,
				FE79E43C26A31C4900DACD24 /* AppColors.swift in Sources */,
				FE14070026DC316C0062905C /* CustomTextField+UIPickerViewDelegate.swift in Sources */,
				FEB9586E26AF1FB00093BA8D /* RealmService.swift in Sources */,
				FECB1A6C26BAE69400136DF0 /* AddNewCourseViewController.swift in Sources */,
				849AE5C326A9CF5400262D12 /* SettingsViewController.swift in Sources */,
				FA9D870A26F111AF00408604 /* MedicineDescriptionView.swift in Sources */,
				FE2899C426CC3C5900B145FB /* JournalViewController.swift in Sources */,
				FE79E43226A3186900DACD24 /* Text.swift in Sources */,
				FE2899C926CC3C6200B145FB /* JournalMock.swift in Sources */,
				A870B00526A9D58E00624579 /* AppLayout.swift in Sources */,
				A86DB94126C54BD000AE866A /* RateViewController.swift in Sources */,
				FE79E42626A3180200DACD24 /* Localized.swift in Sources */,
				A870AFF326A9A31E00624579 /* CoursesViewController.swift in Sources */,
				FE1406FB26DC313E0062905C /* CustomTextField+UITextFieldDelegate.swift in Sources */,
				11B0B77D26FF4F7900BD86BF /* DeletePillView.swift in Sources */,
				FED9593B26C4253F00E9B6C3 /* JournalView.swift in Sources */,
				A802CBD426B68AAE004E7365 /* ProgressView.swift in Sources */,
				FA9D87E226F6416400408604 /* Event.swift in Sources */,
			);
			runOnlyForDeploymentPostprocessing = 0;
		};
		FE79E3BF269CC09D00DACD24 /* Sources */ = {
			isa = PBXSourcesBuildPhase;
			buildActionMask = 2147483647;
			files = (
				FE79E43726A319BC00DACD24 /* LocalizationTest.swift in Sources */,
				FE79E44A26A3200D00DACD24 /* AppColorsTest.swift in Sources */,
				FE79E48626A6C0BB00DACD24 /* RealmModelsTest.swift in Sources */,
				FE79E3C8269CC09D00DACD24 /* PillsTests.swift in Sources */,
				FE79E40B26A30EDA00DACD24 /* AppImagesTest.swift in Sources */,
			);
			runOnlyForDeploymentPostprocessing = 0;
		};
		FE79E3CA269CC09D00DACD24 /* Sources */ = {
			isa = PBXSourcesBuildPhase;
			buildActionMask = 2147483647;
			files = (
				FE79E3D3269CC09D00DACD24 /* PillsUITests.swift in Sources */,
			);
			runOnlyForDeploymentPostprocessing = 0;
		};
/* End PBXSourcesBuildPhase section */

/* Begin PBXTargetDependency section */
		FE79E3C5269CC09D00DACD24 /* PBXTargetDependency */ = {
			isa = PBXTargetDependency;
			target = FE79E3AC269CC09A00DACD24 /* Pills */;
			targetProxy = FE79E3C4269CC09D00DACD24 /* PBXContainerItemProxy */;
		};
		FE79E3D0269CC09D00DACD24 /* PBXTargetDependency */ = {
			isa = PBXTargetDependency;
			target = FE79E3AC269CC09A00DACD24 /* Pills */;
			targetProxy = FE79E3CF269CC09D00DACD24 /* PBXContainerItemProxy */;
		};
/* End PBXTargetDependency section */

/* Begin PBXVariantGroup section */
		FE79E3BB269CC09D00DACD24 /* LaunchScreen.storyboard */ = {
			isa = PBXVariantGroup;
			children = (
				FE79E3BC269CC09D00DACD24 /* Base */,
			);
			name = LaunchScreen.storyboard;
			sourceTree = "<group>";
		};
		FE79E41D26A3165600DACD24 /* Localizable.strings */ = {
			isa = PBXVariantGroup;
			children = (
				FE79E41C26A3165600DACD24 /* en */,
				FE79E42126A3165B00DACD24 /* ru */,
			);
			name = Localizable.strings;
			sourceTree = "<group>";
		};
/* End PBXVariantGroup section */

/* Begin XCBuildConfiguration section */
		FE79E3D5269CC09D00DACD24 /* Debug */ = {
			isa = XCBuildConfiguration;
			buildSettings = {
				ALWAYS_SEARCH_USER_PATHS = NO;
				CLANG_ANALYZER_LOCALIZABILITY_NONLOCALIZED = YES;
				CLANG_ANALYZER_NONNULL = YES;
				CLANG_ANALYZER_NUMBER_OBJECT_CONVERSION = YES_AGGRESSIVE;
				CLANG_CXX_LANGUAGE_STANDARD = "gnu++14";
				CLANG_CXX_LIBRARY = "libc++";
				CLANG_ENABLE_MODULES = YES;
				CLANG_ENABLE_OBJC_ARC = YES;
				CLANG_ENABLE_OBJC_WEAK = YES;
				CLANG_WARN_BLOCK_CAPTURE_AUTORELEASING = YES;
				CLANG_WARN_BOOL_CONVERSION = YES;
				CLANG_WARN_COMMA = YES;
				CLANG_WARN_CONSTANT_CONVERSION = YES;
				CLANG_WARN_DEPRECATED_OBJC_IMPLEMENTATIONS = YES;
				CLANG_WARN_DIRECT_OBJC_ISA_USAGE = YES_ERROR;
				CLANG_WARN_DOCUMENTATION_COMMENTS = YES;
				CLANG_WARN_EMPTY_BODY = YES;
				CLANG_WARN_ENUM_CONVERSION = YES;
				CLANG_WARN_INFINITE_RECURSION = YES;
				CLANG_WARN_INT_CONVERSION = YES;
				CLANG_WARN_NON_LITERAL_NULL_CONVERSION = YES;
				CLANG_WARN_OBJC_IMPLICIT_RETAIN_SELF = YES;
				CLANG_WARN_OBJC_LITERAL_CONVERSION = YES;
				CLANG_WARN_OBJC_ROOT_CLASS = YES_ERROR;
				CLANG_WARN_QUOTED_INCLUDE_IN_FRAMEWORK_HEADER = YES;
				CLANG_WARN_RANGE_LOOP_ANALYSIS = YES;
				CLANG_WARN_STRICT_PROTOTYPES = YES;
				CLANG_WARN_SUSPICIOUS_MOVE = YES;
				CLANG_WARN_UNGUARDED_AVAILABILITY = YES_AGGRESSIVE;
				CLANG_WARN_UNREACHABLE_CODE = YES;
				CLANG_WARN__DUPLICATE_METHOD_MATCH = YES;
				COPY_PHASE_STRIP = NO;
				DEBUG_INFORMATION_FORMAT = dwarf;
				ENABLE_STRICT_OBJC_MSGSEND = YES;
				ENABLE_TESTABILITY = YES;
				GCC_C_LANGUAGE_STANDARD = gnu11;
				GCC_DYNAMIC_NO_PIC = NO;
				GCC_NO_COMMON_BLOCKS = YES;
				GCC_OPTIMIZATION_LEVEL = 0;
				GCC_PREPROCESSOR_DEFINITIONS = (
					"DEBUG=1",
					"$(inherited)",
				);
				GCC_WARN_64_TO_32_BIT_CONVERSION = YES;
				GCC_WARN_ABOUT_RETURN_TYPE = YES_ERROR;
				GCC_WARN_UNDECLARED_SELECTOR = YES;
				GCC_WARN_UNINITIALIZED_AUTOS = YES_AGGRESSIVE;
				GCC_WARN_UNUSED_FUNCTION = YES;
				GCC_WARN_UNUSED_VARIABLE = YES;
				IPHONEOS_DEPLOYMENT_TARGET = 13.4;
				MTL_ENABLE_DEBUG_INFO = INCLUDE_SOURCE;
				MTL_FAST_MATH = YES;
				ONLY_ACTIVE_ARCH = YES;
				SDKROOT = iphoneos;
				SWIFT_ACTIVE_COMPILATION_CONDITIONS = DEBUG;
				SWIFT_OPTIMIZATION_LEVEL = "-Onone";
			};
			name = Debug;
		};
		FE79E3D6269CC09D00DACD24 /* Release */ = {
			isa = XCBuildConfiguration;
			buildSettings = {
				ALWAYS_SEARCH_USER_PATHS = NO;
				CLANG_ANALYZER_LOCALIZABILITY_NONLOCALIZED = YES;
				CLANG_ANALYZER_NONNULL = YES;
				CLANG_ANALYZER_NUMBER_OBJECT_CONVERSION = YES_AGGRESSIVE;
				CLANG_CXX_LANGUAGE_STANDARD = "gnu++14";
				CLANG_CXX_LIBRARY = "libc++";
				CLANG_ENABLE_MODULES = YES;
				CLANG_ENABLE_OBJC_ARC = YES;
				CLANG_ENABLE_OBJC_WEAK = YES;
				CLANG_WARN_BLOCK_CAPTURE_AUTORELEASING = YES;
				CLANG_WARN_BOOL_CONVERSION = YES;
				CLANG_WARN_COMMA = YES;
				CLANG_WARN_CONSTANT_CONVERSION = YES;
				CLANG_WARN_DEPRECATED_OBJC_IMPLEMENTATIONS = YES;
				CLANG_WARN_DIRECT_OBJC_ISA_USAGE = YES_ERROR;
				CLANG_WARN_DOCUMENTATION_COMMENTS = YES;
				CLANG_WARN_EMPTY_BODY = YES;
				CLANG_WARN_ENUM_CONVERSION = YES;
				CLANG_WARN_INFINITE_RECURSION = YES;
				CLANG_WARN_INT_CONVERSION = YES;
				CLANG_WARN_NON_LITERAL_NULL_CONVERSION = YES;
				CLANG_WARN_OBJC_IMPLICIT_RETAIN_SELF = YES;
				CLANG_WARN_OBJC_LITERAL_CONVERSION = YES;
				CLANG_WARN_OBJC_ROOT_CLASS = YES_ERROR;
				CLANG_WARN_QUOTED_INCLUDE_IN_FRAMEWORK_HEADER = YES;
				CLANG_WARN_RANGE_LOOP_ANALYSIS = YES;
				CLANG_WARN_STRICT_PROTOTYPES = YES;
				CLANG_WARN_SUSPICIOUS_MOVE = YES;
				CLANG_WARN_UNGUARDED_AVAILABILITY = YES_AGGRESSIVE;
				CLANG_WARN_UNREACHABLE_CODE = YES;
				CLANG_WARN__DUPLICATE_METHOD_MATCH = YES;
				COPY_PHASE_STRIP = NO;
				DEBUG_INFORMATION_FORMAT = "dwarf-with-dsym";
				ENABLE_NS_ASSERTIONS = NO;
				ENABLE_STRICT_OBJC_MSGSEND = YES;
				GCC_C_LANGUAGE_STANDARD = gnu11;
				GCC_NO_COMMON_BLOCKS = YES;
				GCC_WARN_64_TO_32_BIT_CONVERSION = YES;
				GCC_WARN_ABOUT_RETURN_TYPE = YES_ERROR;
				GCC_WARN_UNDECLARED_SELECTOR = YES;
				GCC_WARN_UNINITIALIZED_AUTOS = YES_AGGRESSIVE;
				GCC_WARN_UNUSED_FUNCTION = YES;
				GCC_WARN_UNUSED_VARIABLE = YES;
				IPHONEOS_DEPLOYMENT_TARGET = 13.4;
				MTL_ENABLE_DEBUG_INFO = NO;
				MTL_FAST_MATH = YES;
				SDKROOT = iphoneos;
				SWIFT_COMPILATION_MODE = wholemodule;
				SWIFT_OPTIMIZATION_LEVEL = "-O";
				VALIDATE_PRODUCT = YES;
			};
			name = Release;
		};
		FE79E3D8269CC09D00DACD24 /* Debug */ = {
			isa = XCBuildConfiguration;
			baseConfigurationReference = 15CC9380A7D7692447008383 /* Pods-Pills.debug.xcconfig */;
			buildSettings = {
				ASSETCATALOG_COMPILER_APPICON_NAME = AppIcon;
				ASSETCATALOG_COMPILER_GLOBAL_ACCENT_COLOR_NAME = AccentColor;
				CODE_SIGN_IDENTITY = "iPhone Distribution";
				CODE_SIGN_STYLE = Manual;
				CURRENT_PROJECT_VERSION = 7;
				DEBUG_INFORMATION_FORMAT = "dwarf-with-dsym";
				DEVELOPMENT_TEAM = RTLGBYJM5X;
				INFOPLIST_FILE = Pills/Application/Info.plist;
				IPHONEOS_DEPLOYMENT_TARGET = 13.4;
				LD_RUNPATH_SEARCH_PATHS = (
					"$(inherited)",
					"@executable_path/Frameworks",
				);
				MARKETING_VERSION = 1.0;
				PRODUCT_BUNDLE_IDENTIFIER = gb.pillsTime;
				PRODUCT_NAME = "$(TARGET_NAME)";
				PROVISIONING_PROFILE_SPECIFIER = "App Store";
				SWIFT_VERSION = 5.0;
				TARGETED_DEVICE_FAMILY = "1,2";
				VERSIONING_SYSTEM = "apple-generic";
			};
			name = Debug;
		};
		FE79E3D9269CC09D00DACD24 /* Release */ = {
			isa = XCBuildConfiguration;
			baseConfigurationReference = 8FC09C85E8224273E7B5DED4 /* Pods-Pills.release.xcconfig */;
			buildSettings = {
				ASSETCATALOG_COMPILER_APPICON_NAME = AppIcon;
				ASSETCATALOG_COMPILER_GLOBAL_ACCENT_COLOR_NAME = AccentColor;
				CODE_SIGN_IDENTITY = "iPhone Distribution";
				CODE_SIGN_STYLE = Manual;
				CURRENT_PROJECT_VERSION = 7;
				DEVELOPMENT_TEAM = RTLGBYJM5X;
				INFOPLIST_FILE = Pills/Application/Info.plist;
				IPHONEOS_DEPLOYMENT_TARGET = 13.4;
				LD_RUNPATH_SEARCH_PATHS = (
					"$(inherited)",
					"@executable_path/Frameworks",
				);
				MARKETING_VERSION = 1.0;
				PRODUCT_BUNDLE_IDENTIFIER = gb.pillsTime;
				PRODUCT_NAME = "$(TARGET_NAME)";
				PROVISIONING_PROFILE_SPECIFIER = "App Store";
				SWIFT_VERSION = 5.0;
				TARGETED_DEVICE_FAMILY = "1,2";
				VERSIONING_SYSTEM = "apple-generic";
			};
			name = Release;
		};
		FE79E3DB269CC09D00DACD24 /* Debug */ = {
			isa = XCBuildConfiguration;
			baseConfigurationReference = A3432096ADB6872D9AB54AC4 /* Pods-PillsTests.debug.xcconfig */;
			buildSettings = {
				ALWAYS_EMBED_SWIFT_STANDARD_LIBRARIES = YES;
				BUNDLE_LOADER = "$(TEST_HOST)";
				CODE_SIGN_IDENTITY = "Apple Development";
				"CODE_SIGN_IDENTITY[sdk=macosx*]" = "Apple Development";
				CODE_SIGN_STYLE = Automatic;
				DEVELOPMENT_TEAM = "";
				INFOPLIST_FILE = PillsTests/Info.plist;
				IPHONEOS_DEPLOYMENT_TARGET = 14.2;
				LD_RUNPATH_SEARCH_PATHS = (
					"$(inherited)",
					"@executable_path/Frameworks",
					"@loader_path/Frameworks",
				);
				PRODUCT_BUNDLE_IDENTIFIER = gb.PillsTests;
				PRODUCT_NAME = "$(TARGET_NAME)";
				PROVISIONING_PROFILE_SPECIFIER = "";
				"PROVISIONING_PROFILE_SPECIFIER[sdk=macosx*]" = "";
				SWIFT_VERSION = 5.0;
				TARGETED_DEVICE_FAMILY = "1,2";
				TEST_HOST = "$(BUILT_PRODUCTS_DIR)/Pills.app/Pills";
			};
			name = Debug;
		};
		FE79E3DC269CC09D00DACD24 /* Release */ = {
			isa = XCBuildConfiguration;
			baseConfigurationReference = 8386280E237169135CA54BE9 /* Pods-PillsTests.release.xcconfig */;
			buildSettings = {
				ALWAYS_EMBED_SWIFT_STANDARD_LIBRARIES = YES;
				BUNDLE_LOADER = "$(TEST_HOST)";
				CODE_SIGN_IDENTITY = "Apple Development";
				"CODE_SIGN_IDENTITY[sdk=macosx*]" = "Apple Development";
				CODE_SIGN_STYLE = Manual;
				DEVELOPMENT_TEAM = "";
				INFOPLIST_FILE = PillsTests/Info.plist;
				IPHONEOS_DEPLOYMENT_TARGET = 14.2;
				LD_RUNPATH_SEARCH_PATHS = (
					"$(inherited)",
					"@executable_path/Frameworks",
					"@loader_path/Frameworks",
				);
				PRODUCT_BUNDLE_IDENTIFIER = gb.PillsTests;
				PRODUCT_NAME = "$(TARGET_NAME)";
				PROVISIONING_PROFILE_SPECIFIER = "";
				"PROVISIONING_PROFILE_SPECIFIER[sdk=macosx*]" = "";
				SWIFT_VERSION = 5.0;
				TARGETED_DEVICE_FAMILY = "1,2";
				TEST_HOST = "$(BUILT_PRODUCTS_DIR)/Pills.app/Pills";
			};
			name = Release;
		};
		FE79E3DE269CC09D00DACD24 /* Debug */ = {
			isa = XCBuildConfiguration;
			baseConfigurationReference = 48DA6DE1F3583984F385AD82 /* Pods-Pills-PillsUITests.debug.xcconfig */;
			buildSettings = {
				ALWAYS_EMBED_SWIFT_STANDARD_LIBRARIES = YES;
				CODE_SIGN_IDENTITY = "Apple Development";
				"CODE_SIGN_IDENTITY[sdk=macosx*]" = "Apple Development";
				CODE_SIGN_STYLE = Automatic;
				DEVELOPMENT_TEAM = "";
				INFOPLIST_FILE = PillsUITests/Info.plist;
				LD_RUNPATH_SEARCH_PATHS = (
					"$(inherited)",
					"@executable_path/Frameworks",
					"@loader_path/Frameworks",
				);
				PRODUCT_BUNDLE_IDENTIFIER = gb.PillsUITests;
				PRODUCT_NAME = "$(TARGET_NAME)";
				PROVISIONING_PROFILE_SPECIFIER = "";
				"PROVISIONING_PROFILE_SPECIFIER[sdk=macosx*]" = "";
				SWIFT_VERSION = 5.0;
				TARGETED_DEVICE_FAMILY = "1,2";
				TEST_TARGET_NAME = Pills;
			};
			name = Debug;
		};
		FE79E3DF269CC09D00DACD24 /* Release */ = {
			isa = XCBuildConfiguration;
			baseConfigurationReference = F02E28BF080770F5D9757D6A /* Pods-Pills-PillsUITests.release.xcconfig */;
			buildSettings = {
				ALWAYS_EMBED_SWIFT_STANDARD_LIBRARIES = YES;
				CODE_SIGN_STYLE = Manual;
				DEVELOPMENT_TEAM = "";
				INFOPLIST_FILE = PillsUITests/Info.plist;
				LD_RUNPATH_SEARCH_PATHS = (
					"$(inherited)",
					"@executable_path/Frameworks",
					"@loader_path/Frameworks",
				);
				PRODUCT_BUNDLE_IDENTIFIER = gb.PillsUITests;
				PRODUCT_NAME = "$(TARGET_NAME)";
				PROVISIONING_PROFILE_SPECIFIER = "";
				"PROVISIONING_PROFILE_SPECIFIER[sdk=macosx*]" = "";
				SWIFT_VERSION = 5.0;
				TARGETED_DEVICE_FAMILY = "1,2";
				TEST_TARGET_NAME = Pills;
			};
			name = Release;
		};
/* End XCBuildConfiguration section */

/* Begin XCConfigurationList section */
		FE79E3A8269CC09A00DACD24 /* Build configuration list for PBXProject "Pills" */ = {
			isa = XCConfigurationList;
			buildConfigurations = (
				FE79E3D5269CC09D00DACD24 /* Debug */,
				FE79E3D6269CC09D00DACD24 /* Release */,
			);
			defaultConfigurationIsVisible = 0;
			defaultConfigurationName = Release;
		};
		FE79E3D7269CC09D00DACD24 /* Build configuration list for PBXNativeTarget "Pills" */ = {
			isa = XCConfigurationList;
			buildConfigurations = (
				FE79E3D8269CC09D00DACD24 /* Debug */,
				FE79E3D9269CC09D00DACD24 /* Release */,
			);
			defaultConfigurationIsVisible = 0;
			defaultConfigurationName = Release;
		};
		FE79E3DA269CC09D00DACD24 /* Build configuration list for PBXNativeTarget "PillsTests" */ = {
			isa = XCConfigurationList;
			buildConfigurations = (
				FE79E3DB269CC09D00DACD24 /* Debug */,
				FE79E3DC269CC09D00DACD24 /* Release */,
			);
			defaultConfigurationIsVisible = 0;
			defaultConfigurationName = Release;
		};
		FE79E3DD269CC09D00DACD24 /* Build configuration list for PBXNativeTarget "PillsUITests" */ = {
			isa = XCConfigurationList;
			buildConfigurations = (
				FE79E3DE269CC09D00DACD24 /* Debug */,
				FE79E3DF269CC09D00DACD24 /* Release */,
			);
			defaultConfigurationIsVisible = 0;
			defaultConfigurationName = Release;
		};
/* End XCConfigurationList section */
	};
	rootObject = FE79E3A5269CC09A00DACD24 /* Project object */;
}
