// !$*UTF8*$!
{
	archiveVersion = 1;
	classes = {
	};
	objectVersion = 51;
	objects = {

/* Begin PBXBuildFile section */
		06D3CA296A26A0AFD5E0FC07 /* Pods_Pills_PillsUITests.framework in Frameworks */ = {isa = PBXBuildFile; fileRef = 5E9DA3CF85C98D4181839194 /* Pods_Pills_PillsUITests.framework */; };
		1A36E49546104E0262D11DA3 /* Pods_PillsTests.framework in Frameworks */ = {isa = PBXBuildFile; fileRef = D5D99469B3E6DFACF19A1D91 /* Pods_PillsTests.framework */; };
		50F88A159308EE4331D2367B /* Pods_Pills.framework in Frameworks */ = {isa = PBXBuildFile; fileRef = 44DD909DEE1DCF24892E4229 /* Pods_Pills.framework */; };
		5511C6A426AC246B009CDA41 /* UIView+Constraints.swift in Sources */ = {isa = PBXBuildFile; fileRef = 5511C6A326AC246B009CDA41 /* UIView+Constraints.swift */; };
		5511C6AF26AC29E4009CDA41 /* DevelopmentBuilder.swift in Sources */ = {isa = PBXBuildFile; fileRef = 5511C6AE26AC29E4009CDA41 /* DevelopmentBuilder.swift */; };
		555E30BF26AC05E400F7EF0A /* AppCoordinator.swift in Sources */ = {isa = PBXBuildFile; fileRef = 555E30BE26AC05E400F7EF0A /* AppCoordinator.swift */; };
		556A4FF226C0134F00249B49 /* BaseViewController.swift in Sources */ = {isa = PBXBuildFile; fileRef = 556A4FF126C0134F00249B49 /* BaseViewController.swift */; };
		8423A9F126BB346C008F64AA /* UIDevice.swift in Sources */ = {isa = PBXBuildFile; fileRef = 8423A9F026BB346C008F64AA /* UIDevice.swift */; };
		8423A9F626BB3510008F64AA /* AppConstants.swift in Sources */ = {isa = PBXBuildFile; fileRef = 8423A9F526BB3510008F64AA /* AppConstants.swift */; };
		849AE5C326A9CF5400262D12 /* SettingsViewController.swift in Sources */ = {isa = PBXBuildFile; fileRef = 849AE5C226A9CF5400262D12 /* SettingsViewController.swift */; };
		A305168D26C3AED000EAD8F3 /* UIView.swift in Sources */ = {isa = PBXBuildFile; fileRef = A305168C26C3AED000EAD8F3 /* UIView.swift */; };
		A3FBD9EF26A926D200B8BE0E /* JournalViewController.swift in Sources */ = {isa = PBXBuildFile; fileRef = A3FBD9EE26A926D200B8BE0E /* JournalViewController.swift */; };
		A802CBC726B68A55004E7365 /* StubCourseView.swift in Sources */ = {isa = PBXBuildFile; fileRef = A802CBC626B68A55004E7365 /* StubCourseView.swift */; };
		A802CBCF26B68A9E004E7365 /* CourseCellView.swift in Sources */ = {isa = PBXBuildFile; fileRef = A802CBCE26B68A9E004E7365 /* CourseCellView.swift */; };
		A802CBD426B68AAE004E7365 /* ProgressView.swift in Sources */ = {isa = PBXBuildFile; fileRef = A802CBD326B68AAE004E7365 /* ProgressView.swift */; };
		A869AC9826B9C95A002019B0 /* CourseMock.swift in Sources */ = {isa = PBXBuildFile; fileRef = A869AC9726B9C95A002019B0 /* CourseMock.swift */; };
		A86DB94126C54BD000AE866A /* RateViewController.swift in Sources */ = {isa = PBXBuildFile; fileRef = A86DB93E26C54BD000AE866A /* RateViewController.swift */; };
		A86DB94226C54BD000AE866A /* RateView.swift in Sources */ = {isa = PBXBuildFile; fileRef = A86DB94026C54BD000AE866A /* RateView.swift */; };
		A86DB94726C54C3600AE866A /* TableView.swift in Sources */ = {isa = PBXBuildFile; fileRef = A86DB94626C54C3600AE866A /* TableView.swift */; };
		A86DB94C26C54C3E00AE866A /* CollectionView.swift in Sources */ = {isa = PBXBuildFile; fileRef = A86DB94B26C54C3D00AE866A /* CollectionView.swift */; };
		A86DB95126C54C4B00AE866A /* View.swift in Sources */ = {isa = PBXBuildFile; fileRef = A86DB95026C54C4B00AE866A /* View.swift */; };
		A86DB95626C54C5300AE866A /* SatackView.swift in Sources */ = {isa = PBXBuildFile; fileRef = A86DB95526C54C5300AE866A /* SatackView.swift */; };
		A86DB95B26C54D6200AE866A /* AutoReusable.swift in Sources */ = {isa = PBXBuildFile; fileRef = A86DB95A26C54D6200AE866A /* AutoReusable.swift */; };
		A870AFE126A9A2DD00624579 /* SeparatorFactory.swift in Sources */ = {isa = PBXBuildFile; fileRef = A870AFE026A9A2DD00624579 /* SeparatorFactory.swift */; };
		A870AFF226A9A31E00624579 /* Course.swift in Sources */ = {isa = PBXBuildFile; fileRef = A870AFEA26A9A31E00624579 /* Course.swift */; };
		A870AFF326A9A31E00624579 /* CoursesViewController.swift in Sources */ = {isa = PBXBuildFile; fileRef = A870AFEC26A9A31E00624579 /* CoursesViewController.swift */; };
		A870AFF426A9A31E00624579 /* CoursesView.swift in Sources */ = {isa = PBXBuildFile; fileRef = A870AFEE26A9A31E00624579 /* CoursesView.swift */; };
		A870AFF526A9A31E00624579 /* CourseCell.swift in Sources */ = {isa = PBXBuildFile; fileRef = A870AFEF26A9A31E00624579 /* CourseCell.swift */; };
		A870AFF626A9A31E00624579 /* CourseViewModel.swift in Sources */ = {isa = PBXBuildFile; fileRef = A870AFF026A9A31E00624579 /* CourseViewModel.swift */; };
		A870B00526A9D58E00624579 /* AppLayout.swift in Sources */ = {isa = PBXBuildFile; fileRef = A870B00426A9D58E00624579 /* AppLayout.swift */; };
		A884C4DD26B079AF00BACC90 /* AddButton.swift in Sources */ = {isa = PBXBuildFile; fileRef = A884C4DC26B079AF00BACC90 /* AddButton.swift */; };
		FE79E3B1269CC09A00DACD24 /* AppDelegate.swift in Sources */ = {isa = PBXBuildFile; fileRef = FE79E3B0269CC09A00DACD24 /* AppDelegate.swift */; };
		FE79E3BA269CC09D00DACD24 /* Assets.xcassets in Resources */ = {isa = PBXBuildFile; fileRef = FE79E3B9269CC09D00DACD24 /* Assets.xcassets */; };
		FE79E3BD269CC09D00DACD24 /* LaunchScreen.storyboard in Resources */ = {isa = PBXBuildFile; fileRef = FE79E3BB269CC09D00DACD24 /* LaunchScreen.storyboard */; };
		FE79E3C8269CC09D00DACD24 /* PillsTests.swift in Sources */ = {isa = PBXBuildFile; fileRef = FE79E3C7269CC09D00DACD24 /* PillsTests.swift */; };
		FE79E3D3269CC09D00DACD24 /* PillsUITests.swift in Sources */ = {isa = PBXBuildFile; fileRef = FE79E3D2269CC09D00DACD24 /* PillsUITests.swift */; };
		FE79E40626A2DF9800DACD24 /* AppImages.swift in Sources */ = {isa = PBXBuildFile; fileRef = FE79E40526A2DF9800DACD24 /* AppImages.swift */; };
		FE79E40B26A30EDA00DACD24 /* AppImagesTest.swift in Sources */ = {isa = PBXBuildFile; fileRef = FE79E40A26A30EDA00DACD24 /* AppImagesTest.swift */; };
		FE79E41B26A3165600DACD24 /* Localizable.strings in Resources */ = {isa = PBXBuildFile; fileRef = FE79E41D26A3165600DACD24 /* Localizable.strings */; };
		FE79E42626A3180200DACD24 /* Localized.swift in Sources */ = {isa = PBXBuildFile; fileRef = FE79E42526A3180200DACD24 /* Localized.swift */; };
		FE79E43226A3186900DACD24 /* Text.swift in Sources */ = {isa = PBXBuildFile; fileRef = FE79E43126A3186900DACD24 /* Text.swift */; };
		FE79E43726A319BC00DACD24 /* LocalizationTest.swift in Sources */ = {isa = PBXBuildFile; fileRef = FE79E43626A319BC00DACD24 /* LocalizationTest.swift */; };
		FE79E43C26A31C4900DACD24 /* AppColors.swift in Sources */ = {isa = PBXBuildFile; fileRef = FE79E43B26A31C4900DACD24 /* AppColors.swift */; };
		FE79E44226A31E9200DACD24 /* Hex.swift in Sources */ = {isa = PBXBuildFile; fileRef = FE79E44126A31E9200DACD24 /* Hex.swift */; };
		FE79E44A26A3200D00DACD24 /* AppColorsTest.swift in Sources */ = {isa = PBXBuildFile; fileRef = FE79E44926A3200D00DACD24 /* AppColorsTest.swift */; };
		FE79E44F26A35F3900DACD24 /* Colors.xcassets in Resources */ = {isa = PBXBuildFile; fileRef = FE79E44E26A35F3900DACD24 /* Colors.xcassets */; };
		FE79E47D26A59DD600DACD24 /* RealmMedKitEntry.swift in Sources */ = {isa = PBXBuildFile; fileRef = FE79E47C26A59DD600DACD24 /* RealmMedKitEntry.swift */; };
		FE79E48626A6C0BB00DACD24 /* RealmModelsTest.swift in Sources */ = {isa = PBXBuildFile; fileRef = FE79E48526A6C0BB00DACD24 /* RealmModelsTest.swift */; };
		FEB957AE26A96FCE0093BA8D /* BaseRouter.swift in Sources */ = {isa = PBXBuildFile; fileRef = FEB957AD26A96FCE0093BA8D /* BaseRouter.swift */; };
		FEB957B426A96FDF0093BA8D /* DevelopmentRouter.swift in Sources */ = {isa = PBXBuildFile; fileRef = FEB957B226A96FDF0093BA8D /* DevelopmentRouter.swift */; };
		FEB957B526A96FDF0093BA8D /* DevelopmentViewController.swift in Sources */ = {isa = PBXBuildFile; fileRef = FEB957B326A96FDF0093BA8D /* DevelopmentViewController.swift */; };
		FEB957BA26A96FEB0093BA8D /* MainTabBarMaker.swift in Sources */ = {isa = PBXBuildFile; fileRef = FEB957B926A96FEB0093BA8D /* MainTabBarMaker.swift */; };
		FEB957E126AAC1A40093BA8D /* JournalTableView.swift in Sources */ = {isa = PBXBuildFile; fileRef = FEB957E026AAC1A40093BA8D /* JournalTableView.swift */; };
		FEB957E926AAC1BB0093BA8D /* JournalTableViewCell.swift in Sources */ = {isa = PBXBuildFile; fileRef = FEB957E826AAC1BB0093BA8D /* JournalTableViewCell.swift */; };
		FEB957FF26AAE1B20093BA8D /* JournalMock.swift in Sources */ = {isa = PBXBuildFile; fileRef = FEB957FE26AAE1B20093BA8D /* JournalMock.swift */; };
		FEB9580626AAF0D30093BA8D /* Date.swift in Sources */ = {isa = PBXBuildFile; fileRef = FEB9580526AAF0D30093BA8D /* Date.swift */; };
		FEB9586E26AF1FB00093BA8D /* RealmService.swift in Sources */ = {isa = PBXBuildFile; fileRef = FEB9586D26AF1FB00093BA8D /* RealmService.swift */; };
		FECB19D826B1D6CF00136DF0 /* SFCompactDisplay-Regular.otf in Resources */ = {isa = PBXBuildFile; fileRef = FECB19D726B1D69100136DF0 /* SFCompactDisplay-Regular.otf */; };
		FECB19DC26B1D6D200136DF0 /* SFCompactDisplay-Semibold.otf in Resources */ = {isa = PBXBuildFile; fileRef = FECB19D626B1D63D00136DF0 /* SFCompactDisplay-Semibold.otf */; };
/* End PBXBuildFile section */

/* Begin PBXContainerItemProxy section */
		FE79E3C4269CC09D00DACD24 /* PBXContainerItemProxy */ = {
			isa = PBXContainerItemProxy;
			containerPortal = FE79E3A5269CC09A00DACD24 /* Project object */;
			proxyType = 1;
			remoteGlobalIDString = FE79E3AC269CC09A00DACD24;
			remoteInfo = Pills;
		};
		FE79E3CF269CC09D00DACD24 /* PBXContainerItemProxy */ = {
			isa = PBXContainerItemProxy;
			containerPortal = FE79E3A5269CC09A00DACD24 /* Project object */;
			proxyType = 1;
			remoteGlobalIDString = FE79E3AC269CC09A00DACD24;
			remoteInfo = Pills;
		};
/* End PBXContainerItemProxy section */

/* Begin PBXFileReference section */
		2C4F8CB551269D1F66EF0C4F /* Pods-Pills-PillsUITests.release.xcconfig */ = {isa = PBXFileReference; includeInIndex = 1; lastKnownFileType = text.xcconfig; name = "Pods-Pills-PillsUITests.release.xcconfig"; path = "Target Support Files/Pods-Pills-PillsUITests/Pods-Pills-PillsUITests.release.xcconfig"; sourceTree = "<group>"; };
		3B2B10BD29AA181FA24361D8 /* Pods-PillsTests.release.xcconfig */ = {isa = PBXFileReference; includeInIndex = 1; lastKnownFileType = text.xcconfig; name = "Pods-PillsTests.release.xcconfig"; path = "Target Support Files/Pods-PillsTests/Pods-PillsTests.release.xcconfig"; sourceTree = "<group>"; };
		44DD909DEE1DCF24892E4229 /* Pods_Pills.framework */ = {isa = PBXFileReference; explicitFileType = wrapper.framework; includeInIndex = 0; path = Pods_Pills.framework; sourceTree = BUILT_PRODUCTS_DIR; };
		4DED2EF888C4807636FC7124 /* Pods-Pills.release.xcconfig */ = {isa = PBXFileReference; includeInIndex = 1; lastKnownFileType = text.xcconfig; name = "Pods-Pills.release.xcconfig"; path = "Target Support Files/Pods-Pills/Pods-Pills.release.xcconfig"; sourceTree = "<group>"; };
		4F35B20F67AB2182167F6CAA /* Pods-Pills-PillsUITests.debug.xcconfig */ = {isa = PBXFileReference; includeInIndex = 1; lastKnownFileType = text.xcconfig; name = "Pods-Pills-PillsUITests.debug.xcconfig"; path = "Target Support Files/Pods-Pills-PillsUITests/Pods-Pills-PillsUITests.debug.xcconfig"; sourceTree = "<group>"; };
		5511C6A326AC246B009CDA41 /* UIView+Constraints.swift */ = {isa = PBXFileReference; lastKnownFileType = sourcecode.swift; path = "UIView+Constraints.swift"; sourceTree = "<group>"; };
		5511C6AE26AC29E4009CDA41 /* DevelopmentBuilder.swift */ = {isa = PBXFileReference; lastKnownFileType = sourcecode.swift; path = DevelopmentBuilder.swift; sourceTree = "<group>"; };
		555E30BE26AC05E400F7EF0A /* AppCoordinator.swift */ = {isa = PBXFileReference; lastKnownFileType = sourcecode.swift; path = AppCoordinator.swift; sourceTree = "<group>"; };
		556A4FF126C0134F00249B49 /* BaseViewController.swift */ = {isa = PBXFileReference; lastKnownFileType = sourcecode.swift; path = BaseViewController.swift; sourceTree = "<group>"; };
		5E9DA3CF85C98D4181839194 /* Pods_Pills_PillsUITests.framework */ = {isa = PBXFileReference; explicitFileType = wrapper.framework; includeInIndex = 0; path = Pods_Pills_PillsUITests.framework; sourceTree = BUILT_PRODUCTS_DIR; };
		8423A9F026BB346C008F64AA /* UIDevice.swift */ = {isa = PBXFileReference; lastKnownFileType = sourcecode.swift; path = UIDevice.swift; sourceTree = "<group>"; };
		8423A9F526BB3510008F64AA /* AppConstants.swift */ = {isa = PBXFileReference; lastKnownFileType = sourcecode.swift; path = AppConstants.swift; sourceTree = "<group>"; };
		849AE5C226A9CF5400262D12 /* SettingsViewController.swift */ = {isa = PBXFileReference; lastKnownFileType = sourcecode.swift; path = SettingsViewController.swift; sourceTree = "<group>"; };
		8854F59E3DAF27C378F1435B /* Pods-PillsTests.debug.xcconfig */ = {isa = PBXFileReference; includeInIndex = 1; lastKnownFileType = text.xcconfig; name = "Pods-PillsTests.debug.xcconfig"; path = "Target Support Files/Pods-PillsTests/Pods-PillsTests.debug.xcconfig"; sourceTree = "<group>"; };
		A305168C26C3AED000EAD8F3 /* UIView.swift */ = {isa = PBXFileReference; lastKnownFileType = sourcecode.swift; path = UIView.swift; sourceTree = "<group>"; };
		A3FBD9EE26A926D200B8BE0E /* JournalViewController.swift */ = {isa = PBXFileReference; lastKnownFileType = sourcecode.swift; path = JournalViewController.swift; sourceTree = "<group>"; };
		A802CBC626B68A55004E7365 /* StubCourseView.swift */ = {isa = PBXFileReference; lastKnownFileType = sourcecode.swift; path = StubCourseView.swift; sourceTree = "<group>"; };
		A802CBCE26B68A9E004E7365 /* CourseCellView.swift */ = {isa = PBXFileReference; fileEncoding = 4; lastKnownFileType = sourcecode.swift; path = CourseCellView.swift; sourceTree = "<group>"; };
		A802CBD326B68AAE004E7365 /* ProgressView.swift */ = {isa = PBXFileReference; fileEncoding = 4; lastKnownFileType = sourcecode.swift; path = ProgressView.swift; sourceTree = "<group>"; };
		A869AC9726B9C95A002019B0 /* CourseMock.swift */ = {isa = PBXFileReference; lastKnownFileType = sourcecode.swift; path = CourseMock.swift; sourceTree = "<group>"; };
		A86DB93E26C54BD000AE866A /* RateViewController.swift */ = {isa = PBXFileReference; fileEncoding = 4; lastKnownFileType = sourcecode.swift; path = RateViewController.swift; sourceTree = "<group>"; };
		A86DB94026C54BD000AE866A /* RateView.swift */ = {isa = PBXFileReference; fileEncoding = 4; lastKnownFileType = sourcecode.swift; path = RateView.swift; sourceTree = "<group>"; };
		A86DB94626C54C3600AE866A /* TableView.swift */ = {isa = PBXFileReference; fileEncoding = 4; lastKnownFileType = sourcecode.swift; path = TableView.swift; sourceTree = "<group>"; };
		A86DB94B26C54C3D00AE866A /* CollectionView.swift */ = {isa = PBXFileReference; fileEncoding = 4; lastKnownFileType = sourcecode.swift; path = CollectionView.swift; sourceTree = "<group>"; };
		A86DB95026C54C4B00AE866A /* View.swift */ = {isa = PBXFileReference; fileEncoding = 4; lastKnownFileType = sourcecode.swift; path = View.swift; sourceTree = "<group>"; };
		A86DB95526C54C5300AE866A /* SatackView.swift */ = {isa = PBXFileReference; fileEncoding = 4; lastKnownFileType = sourcecode.swift; path = SatackView.swift; sourceTree = "<group>"; };
		A86DB95A26C54D6200AE866A /* AutoReusable.swift */ = {isa = PBXFileReference; fileEncoding = 4; lastKnownFileType = sourcecode.swift; path = AutoReusable.swift; sourceTree = "<group>"; };
		A870AFE026A9A2DD00624579 /* SeparatorFactory.swift */ = {isa = PBXFileReference; fileEncoding = 4; lastKnownFileType = sourcecode.swift; path = SeparatorFactory.swift; sourceTree = "<group>"; };
		A870AFEA26A9A31E00624579 /* Course.swift */ = {isa = PBXFileReference; fileEncoding = 4; lastKnownFileType = sourcecode.swift; path = Course.swift; sourceTree = "<group>"; };
		A870AFEC26A9A31E00624579 /* CoursesViewController.swift */ = {isa = PBXFileReference; fileEncoding = 4; lastKnownFileType = sourcecode.swift; path = CoursesViewController.swift; sourceTree = "<group>"; };
		A870AFEE26A9A31E00624579 /* CoursesView.swift */ = {isa = PBXFileReference; fileEncoding = 4; lastKnownFileType = sourcecode.swift; path = CoursesView.swift; sourceTree = "<group>"; };
		A870AFEF26A9A31E00624579 /* CourseCell.swift */ = {isa = PBXFileReference; fileEncoding = 4; lastKnownFileType = sourcecode.swift; path = CourseCell.swift; sourceTree = "<group>"; };
		A870AFF026A9A31E00624579 /* CourseViewModel.swift */ = {isa = PBXFileReference; fileEncoding = 4; lastKnownFileType = sourcecode.swift; path = CourseViewModel.swift; sourceTree = "<group>"; };
		A870B00426A9D58E00624579 /* AppLayout.swift */ = {isa = PBXFileReference; lastKnownFileType = sourcecode.swift; path = AppLayout.swift; sourceTree = "<group>"; };
		A884C4DC26B079AF00BACC90 /* AddButton.swift */ = {isa = PBXFileReference; lastKnownFileType = sourcecode.swift; path = AddButton.swift; sourceTree = "<group>"; };
		C58451548CF40FBAE1B7588A /* Pods-Pills.debug.xcconfig */ = {isa = PBXFileReference; includeInIndex = 1; lastKnownFileType = text.xcconfig; name = "Pods-Pills.debug.xcconfig"; path = "Target Support Files/Pods-Pills/Pods-Pills.debug.xcconfig"; sourceTree = "<group>"; };
		D5D99469B3E6DFACF19A1D91 /* Pods_PillsTests.framework */ = {isa = PBXFileReference; explicitFileType = wrapper.framework; includeInIndex = 0; path = Pods_PillsTests.framework; sourceTree = BUILT_PRODUCTS_DIR; };
		FE79E3AD269CC09A00DACD24 /* Pills.app */ = {isa = PBXFileReference; explicitFileType = wrapper.application; includeInIndex = 0; path = Pills.app; sourceTree = BUILT_PRODUCTS_DIR; };
		FE79E3B0269CC09A00DACD24 /* AppDelegate.swift */ = {isa = PBXFileReference; lastKnownFileType = sourcecode.swift; path = AppDelegate.swift; sourceTree = "<group>"; };
		FE79E3B9269CC09D00DACD24 /* Assets.xcassets */ = {isa = PBXFileReference; lastKnownFileType = folder.assetcatalog; path = Assets.xcassets; sourceTree = "<group>"; };
		FE79E3BC269CC09D00DACD24 /* Base */ = {isa = PBXFileReference; lastKnownFileType = file.storyboard; name = Base; path = Base.lproj/LaunchScreen.storyboard; sourceTree = "<group>"; };
		FE79E3BE269CC09D00DACD24 /* Info.plist */ = {isa = PBXFileReference; lastKnownFileType = text.plist.xml; path = Info.plist; sourceTree = "<group>"; };
		FE79E3C3269CC09D00DACD24 /* PillsTests.xctest */ = {isa = PBXFileReference; explicitFileType = wrapper.cfbundle; includeInIndex = 0; path = PillsTests.xctest; sourceTree = BUILT_PRODUCTS_DIR; };
		FE79E3C7269CC09D00DACD24 /* PillsTests.swift */ = {isa = PBXFileReference; lastKnownFileType = sourcecode.swift; path = PillsTests.swift; sourceTree = "<group>"; };
		FE79E3C9269CC09D00DACD24 /* Info.plist */ = {isa = PBXFileReference; lastKnownFileType = text.plist.xml; path = Info.plist; sourceTree = "<group>"; };
		FE79E3CE269CC09D00DACD24 /* PillsUITests.xctest */ = {isa = PBXFileReference; explicitFileType = wrapper.cfbundle; includeInIndex = 0; path = PillsUITests.xctest; sourceTree = BUILT_PRODUCTS_DIR; };
		FE79E3D2269CC09D00DACD24 /* PillsUITests.swift */ = {isa = PBXFileReference; lastKnownFileType = sourcecode.swift; path = PillsUITests.swift; sourceTree = "<group>"; };
		FE79E3D4269CC09D00DACD24 /* Info.plist */ = {isa = PBXFileReference; lastKnownFileType = text.plist.xml; path = Info.plist; sourceTree = "<group>"; };
		FE79E40526A2DF9800DACD24 /* AppImages.swift */ = {isa = PBXFileReference; lastKnownFileType = sourcecode.swift; path = AppImages.swift; sourceTree = "<group>"; };
		FE79E40A26A30EDA00DACD24 /* AppImagesTest.swift */ = {isa = PBXFileReference; lastKnownFileType = sourcecode.swift; path = AppImagesTest.swift; sourceTree = "<group>"; };
		FE79E41C26A3165600DACD24 /* en */ = {isa = PBXFileReference; lastKnownFileType = text.plist.strings; name = en; path = en.lproj/Localizable.strings; sourceTree = "<group>"; };
		FE79E42126A3165B00DACD24 /* ru */ = {isa = PBXFileReference; lastKnownFileType = text.plist.strings; name = ru; path = ru.lproj/Localizable.strings; sourceTree = "<group>"; };
		FE79E42526A3180200DACD24 /* Localized.swift */ = {isa = PBXFileReference; lastKnownFileType = sourcecode.swift; path = Localized.swift; sourceTree = "<group>"; };
		FE79E43126A3186900DACD24 /* Text.swift */ = {isa = PBXFileReference; lastKnownFileType = sourcecode.swift; path = Text.swift; sourceTree = "<group>"; };
		FE79E43626A319BC00DACD24 /* LocalizationTest.swift */ = {isa = PBXFileReference; lastKnownFileType = sourcecode.swift; path = LocalizationTest.swift; sourceTree = "<group>"; };
		FE79E43B26A31C4900DACD24 /* AppColors.swift */ = {isa = PBXFileReference; lastKnownFileType = sourcecode.swift; path = AppColors.swift; sourceTree = "<group>"; };
		FE79E44126A31E9200DACD24 /* Hex.swift */ = {isa = PBXFileReference; lastKnownFileType = sourcecode.swift; path = Hex.swift; sourceTree = "<group>"; };
		FE79E44926A3200D00DACD24 /* AppColorsTest.swift */ = {isa = PBXFileReference; lastKnownFileType = sourcecode.swift; path = AppColorsTest.swift; sourceTree = "<group>"; };
		FE79E44E26A35F3900DACD24 /* Colors.xcassets */ = {isa = PBXFileReference; lastKnownFileType = folder.assetcatalog; path = Colors.xcassets; sourceTree = "<group>"; };
		FE79E47C26A59DD600DACD24 /* RealmMedKitEntry.swift */ = {isa = PBXFileReference; lastKnownFileType = sourcecode.swift; path = RealmMedKitEntry.swift; sourceTree = "<group>"; };
		FE79E48526A6C0BB00DACD24 /* RealmModelsTest.swift */ = {isa = PBXFileReference; lastKnownFileType = sourcecode.swift; path = RealmModelsTest.swift; sourceTree = "<group>"; };
		FEB957AD26A96FCE0093BA8D /* BaseRouter.swift */ = {isa = PBXFileReference; fileEncoding = 4; lastKnownFileType = sourcecode.swift; path = BaseRouter.swift; sourceTree = "<group>"; };
		FEB957B226A96FDF0093BA8D /* DevelopmentRouter.swift */ = {isa = PBXFileReference; fileEncoding = 4; lastKnownFileType = sourcecode.swift; path = DevelopmentRouter.swift; sourceTree = "<group>"; };
		FEB957B326A96FDF0093BA8D /* DevelopmentViewController.swift */ = {isa = PBXFileReference; fileEncoding = 4; lastKnownFileType = sourcecode.swift; path = DevelopmentViewController.swift; sourceTree = "<group>"; };
		FEB957B926A96FEB0093BA8D /* MainTabBarMaker.swift */ = {isa = PBXFileReference; fileEncoding = 4; lastKnownFileType = sourcecode.swift; path = MainTabBarMaker.swift; sourceTree = "<group>"; };
		FEB957E026AAC1A40093BA8D /* JournalTableView.swift */ = {isa = PBXFileReference; lastKnownFileType = sourcecode.swift; path = JournalTableView.swift; sourceTree = "<group>"; };
		FEB957E826AAC1BB0093BA8D /* JournalTableViewCell.swift */ = {isa = PBXFileReference; lastKnownFileType = sourcecode.swift; path = JournalTableViewCell.swift; sourceTree = "<group>"; };
		FEB957FE26AAE1B20093BA8D /* JournalMock.swift */ = {isa = PBXFileReference; lastKnownFileType = sourcecode.swift; path = JournalMock.swift; sourceTree = "<group>"; };
		FEB9580526AAF0D30093BA8D /* Date.swift */ = {isa = PBXFileReference; lastKnownFileType = sourcecode.swift; path = Date.swift; sourceTree = "<group>"; };
		FEB9586D26AF1FB00093BA8D /* RealmService.swift */ = {isa = PBXFileReference; lastKnownFileType = sourcecode.swift; path = RealmService.swift; sourceTree = "<group>"; };
		FECB19D626B1D63D00136DF0 /* SFCompactDisplay-Semibold.otf */ = {isa = PBXFileReference; lastKnownFileType = file; path = "SFCompactDisplay-Semibold.otf"; sourceTree = "<group>"; };
		FECB19D726B1D69100136DF0 /* SFCompactDisplay-Regular.otf */ = {isa = PBXFileReference; lastKnownFileType = file; path = "SFCompactDisplay-Regular.otf"; sourceTree = "<group>"; };
/* End PBXFileReference section */

/* Begin PBXFrameworksBuildPhase section */
		FE79E3AA269CC09A00DACD24 /* Frameworks */ = {
			isa = PBXFrameworksBuildPhase;
			buildActionMask = 2147483647;
			files = (
				50F88A159308EE4331D2367B /* Pods_Pills.framework in Frameworks */,
			);
			runOnlyForDeploymentPostprocessing = 0;
		};
		FE79E3C0269CC09D00DACD24 /* Frameworks */ = {
			isa = PBXFrameworksBuildPhase;
			buildActionMask = 2147483647;
			files = (
				1A36E49546104E0262D11DA3 /* Pods_PillsTests.framework in Frameworks */,
			);
			runOnlyForDeploymentPostprocessing = 0;
		};
		FE79E3CB269CC09D00DACD24 /* Frameworks */ = {
			isa = PBXFrameworksBuildPhase;
			buildActionMask = 2147483647;
			files = (
				06D3CA296A26A0AFD5E0FC07 /* Pods_Pills_PillsUITests.framework in Frameworks */,
			);
			runOnlyForDeploymentPostprocessing = 0;
		};
/* End PBXFrameworksBuildPhase section */

/* Begin PBXGroup section */
		22C0083213C0C65637652871 /* Frameworks */ = {
			isa = PBXGroup;
			children = (
				44DD909DEE1DCF24892E4229 /* Pods_Pills.framework */,
				5E9DA3CF85C98D4181839194 /* Pods_Pills_PillsUITests.framework */,
				D5D99469B3E6DFACF19A1D91 /* Pods_PillsTests.framework */,
			);
			name = Frameworks;
			sourceTree = "<group>";
		};
		5C2C4E1AC8BFC8CBC81A7341 /* Pods */ = {
			isa = PBXGroup;
			children = (
				C58451548CF40FBAE1B7588A /* Pods-Pills.debug.xcconfig */,
				4DED2EF888C4807636FC7124 /* Pods-Pills.release.xcconfig */,
				4F35B20F67AB2182167F6CAA /* Pods-Pills-PillsUITests.debug.xcconfig */,
				2C4F8CB551269D1F66EF0C4F /* Pods-Pills-PillsUITests.release.xcconfig */,
				8854F59E3DAF27C378F1435B /* Pods-PillsTests.debug.xcconfig */,
				3B2B10BD29AA181FA24361D8 /* Pods-PillsTests.release.xcconfig */,
			);
			path = Pods;
			sourceTree = "<group>";
		};
		849AE5C126A9CF2D00262D12 /* Settings */ = {
			isa = PBXGroup;
			children = (
				849AE5C226A9CF5400262D12 /* SettingsViewController.swift */,
			);
			path = Settings;
			sourceTree = "<group>";
		};
		A3FBD9ED26A926BB00B8BE0E /* Calendar */ = {
			isa = PBXGroup;
			children = (
				A3FBD9EE26A926D200B8BE0E /* JournalViewController.swift */,
				FEB957E026AAC1A40093BA8D /* JournalTableView.swift */,
				FEB957E826AAC1BB0093BA8D /* JournalTableViewCell.swift */,
				FEB957FE26AAE1B20093BA8D /* JournalMock.swift */,
			);
			path = Calendar;
			sourceTree = "<group>";
		};
		A86DB93C26C54BD000AE866A /* Rate */ = {
			isa = PBXGroup;
			children = (
				A86DB93D26C54BD000AE866A /* Controller */,
				A86DB93F26C54BD000AE866A /* View */,
			);
			path = Rate;
			sourceTree = "<group>";
		};
		A86DB93D26C54BD000AE866A /* Controller */ = {
			isa = PBXGroup;
			children = (
				A86DB93E26C54BD000AE866A /* RateViewController.swift */,
			);
			path = Controller;
			sourceTree = "<group>";
		};
		A86DB93F26C54BD000AE866A /* View */ = {
			isa = PBXGroup;
			children = (
				A86DB94026C54BD000AE866A /* RateView.swift */,
			);
			path = View;
			sourceTree = "<group>";
		};
		A870AFE826A9A31E00624579 /* Courses */ = {
			isa = PBXGroup;
			children = (
				A870AFE926A9A31E00624579 /* Models */,
				A870AFEB26A9A31E00624579 /* Controller */,
				A870AFED26A9A31E00624579 /* View */,
			);
			path = Courses;
			sourceTree = "<group>";
		};
		A870AFE926A9A31E00624579 /* Models */ = {
			isa = PBXGroup;
			children = (
				A870AFEA26A9A31E00624579 /* Course.swift */,
				A869AC9726B9C95A002019B0 /* CourseMock.swift */,
			);
			path = Models;
			sourceTree = "<group>";
		};
		A870AFEB26A9A31E00624579 /* Controller */ = {
			isa = PBXGroup;
			children = (
				A870AFEC26A9A31E00624579 /* CoursesViewController.swift */,
			);
			path = Controller;
			sourceTree = "<group>";
		};
		A870AFED26A9A31E00624579 /* View */ = {
			isa = PBXGroup;
			children = (
				A870AFEE26A9A31E00624579 /* CoursesView.swift */,
				A802CBC626B68A55004E7365 /* StubCourseView.swift */,
				A870AFEF26A9A31E00624579 /* CourseCell.swift */,
				A802CBCE26B68A9E004E7365 /* CourseCellView.swift */,
				A802CBD326B68AAE004E7365 /* ProgressView.swift */,
				A870AFF026A9A31E00624579 /* CourseViewModel.swift */,
			);
			path = View;
			sourceTree = "<group>";
		};
		FE79E3A4269CC09A00DACD24 = {
			isa = PBXGroup;
			children = (
				FE79E3AF269CC09A00DACD24 /* Pills */,
				FE79E3C6269CC09D00DACD24 /* PillsTests */,
				FE79E3D1269CC09D00DACD24 /* PillsUITests */,
				FE79E3AE269CC09A00DACD24 /* Products */,
				5C2C4E1AC8BFC8CBC81A7341 /* Pods */,
				22C0083213C0C65637652871 /* Frameworks */,
			);
			sourceTree = "<group>";
		};
		FE79E3AE269CC09A00DACD24 /* Products */ = {
			isa = PBXGroup;
			children = (
				FE79E3AD269CC09A00DACD24 /* Pills.app */,
				FE79E3C3269CC09D00DACD24 /* PillsTests.xctest */,
				FE79E3CE269CC09D00DACD24 /* PillsUITests.xctest */,
			);
			name = Products;
			sourceTree = "<group>";
		};
		FE79E3AF269CC09A00DACD24 /* Pills */ = {
			isa = PBXGroup;
			children = (
				FEB957AC26A96FB80093BA8D /* Core */,
				FE79E3E9269CC83100DACD24 /* Application */,
				FE79E3EA269CC88200DACD24 /* Common */,
				FE79E3EB269CC8A100DACD24 /* Modules */,
				FE79E3EC269CC8D500DACD24 /* Resources */,
			);
			path = Pills;
			sourceTree = "<group>";
		};
		FE79E3C6269CC09D00DACD24 /* PillsTests */ = {
			isa = PBXGroup;
			children = (
				FE79E3C7269CC09D00DACD24 /* PillsTests.swift */,
				FE79E3C9269CC09D00DACD24 /* Info.plist */,
				FE79E40A26A30EDA00DACD24 /* AppImagesTest.swift */,
				FE79E43626A319BC00DACD24 /* LocalizationTest.swift */,
				FE79E44926A3200D00DACD24 /* AppColorsTest.swift */,
				FE79E48526A6C0BB00DACD24 /* RealmModelsTest.swift */,
			);
			path = PillsTests;
			sourceTree = "<group>";
		};
		FE79E3D1269CC09D00DACD24 /* PillsUITests */ = {
			isa = PBXGroup;
			children = (
				FE79E3D2269CC09D00DACD24 /* PillsUITests.swift */,
				FE79E3D4269CC09D00DACD24 /* Info.plist */,
			);
			path = PillsUITests;
			sourceTree = "<group>";
		};
		FE79E3E9269CC83100DACD24 /* Application */ = {
			isa = PBXGroup;
			children = (
				FE79E3BE269CC09D00DACD24 /* Info.plist */,
				FE79E3B0269CC09A00DACD24 /* AppDelegate.swift */,
			);
			path = Application;
			sourceTree = "<group>";
		};
		FE79E3EA269CC88200DACD24 /* Common */ = {
			isa = PBXGroup;
			children = (
				FE79E3ED269CC93E00DACD24 /* Models */,
				FE79E3F3269CCA0D00DACD24 /* Factories */,
				FE79E3F2269CC99D00DACD24 /* Extensions */,
				FE79E3F1269CC98E00DACD24 /* Helpers */,
				FE79E3F0269CC98200DACD24 /* Classes */,
				FE79E3EF269CC96A00DACD24 /* Protocols */,
			);
			path = Common;
			sourceTree = "<group>";
		};
		FE79E3EB269CC8A100DACD24 /* Modules */ = {
			isa = PBXGroup;
			children = (
				A86DB93C26C54BD000AE866A /* Rate */,
				A870AFE826A9A31E00624579 /* Courses */,
				A3FBD9ED26A926BB00B8BE0E /* Calendar */,
				FE79E3FB269CCCE100DACD24 /* Intro */,
				FE79E3F4269CCABF00DACD24 /* Profile */,
				FE79E3F5269CCAD000DACD24 /* TabBar */,
				849AE5C126A9CF2D00262D12 /* Settings */,
			);
			path = Modules;
			sourceTree = "<group>";
		};
		FE79E3EC269CC8D500DACD24 /* Resources */ = {
			isa = PBXGroup;
			children = (
				FECB19D526B1D5BA00136DF0 /* Fonts */,
				FE79E3B9269CC09D00DACD24 /* Assets.xcassets */,
				FE79E3BB269CC09D00DACD24 /* LaunchScreen.storyboard */,
				FE79E41D26A3165600DACD24 /* Localizable.strings */,
				FE79E44E26A35F3900DACD24 /* Colors.xcassets */,
			);
			path = Resources;
			sourceTree = "<group>";
		};
		FE79E3ED269CC93E00DACD24 /* Models */ = {
			isa = PBXGroup;
			children = (
				FE79E47C26A59DD600DACD24 /* RealmMedKitEntry.swift */,
				FE79E3EE269CC95000DACD24 /* Services */,
			);
			path = Models;
			sourceTree = "<group>";
		};
		FE79E3EE269CC95000DACD24 /* Services */ = {
			isa = PBXGroup;
			children = (
				FEB9586D26AF1FB00093BA8D /* RealmService.swift */,
			);
			path = Services;
			sourceTree = "<group>";
		};
		FE79E3EF269CC96A00DACD24 /* Protocols */ = {
			isa = PBXGroup;
			children = (
				A86DB95A26C54D6200AE866A /* AutoReusable.swift */,
			);
			path = Protocols;
			sourceTree = "<group>";
		};
		FE79E3F0269CC98200DACD24 /* Classes */ = {
			isa = PBXGroup;
			children = (
			);
			path = Classes;
			sourceTree = "<group>";
		};
		FE79E3F1269CC98E00DACD24 /* Helpers */ = {
			isa = PBXGroup;
			children = (
				FE79E40526A2DF9800DACD24 /* AppImages.swift */,
				FE79E43126A3186900DACD24 /* Text.swift */,
				FE79E43B26A31C4900DACD24 /* AppColors.swift */,
				A870B00426A9D58E00624579 /* AppLayout.swift */,
				5511C6A326AC246B009CDA41 /* UIView+Constraints.swift */,
				A884C4DC26B079AF00BACC90 /* AddButton.swift */,
				8423A9F526BB3510008F64AA /* AppConstants.swift */,
			);
			path = Helpers;
			sourceTree = "<group>";
		};
		FE79E3F2269CC99D00DACD24 /* Extensions */ = {
			isa = PBXGroup;
			children = (
				A305168C26C3AED000EAD8F3 /* UIView.swift */,
				FEB9580526AAF0D30093BA8D /* Date.swift */,
				FE79E44026A31E7B00DACD24 /* UIColor */,
				FE79E42D26A3182100DACD24 /* String */,
				8423A9F026BB346C008F64AA /* UIDevice.swift */,
				A86DB94626C54C3600AE866A /* TableView.swift */,
				A86DB94B26C54C3D00AE866A /* CollectionView.swift */,
				A86DB95026C54C4B00AE866A /* View.swift */,
				A86DB95526C54C5300AE866A /* SatackView.swift */,
			);
			path = Extensions;
			sourceTree = "<group>";
		};
		FE79E3F3269CCA0D00DACD24 /* Factories */ = {
			isa = PBXGroup;
			children = (
				A870AFE026A9A2DD00624579 /* SeparatorFactory.swift */,
			);
			path = Factories;
			sourceTree = "<group>";
		};
		FE79E3F4269CCABF00DACD24 /* Profile */ = {
			isa = PBXGroup;
			children = (
			);
			path = Profile;
			sourceTree = "<group>";
		};
		FE79E3F5269CCAD000DACD24 /* TabBar */ = {
			isa = PBXGroup;
			children = (
				FEB957B926A96FEB0093BA8D /* MainTabBarMaker.swift */,
			);
			path = TabBar;
			sourceTree = "<group>";
		};
		FE79E3FB269CCCE100DACD24 /* Intro */ = {
			isa = PBXGroup;
			children = (
				FEB957B226A96FDF0093BA8D /* DevelopmentRouter.swift */,
				5511C6AE26AC29E4009CDA41 /* DevelopmentBuilder.swift */,
				FEB957B326A96FDF0093BA8D /* DevelopmentViewController.swift */,
			);
			path = Intro;
			sourceTree = "<group>";
		};
		FE79E42D26A3182100DACD24 /* String */ = {
			isa = PBXGroup;
			children = (
				FE79E42526A3180200DACD24 /* Localized.swift */,
			);
			path = String;
			sourceTree = "<group>";
		};
		FE79E44026A31E7B00DACD24 /* UIColor */ = {
			isa = PBXGroup;
			children = (
				FE79E44126A31E9200DACD24 /* Hex.swift */,
			);
			path = UIColor;
			sourceTree = "<group>";
		};
		FEB957AC26A96FB80093BA8D /* Core */ = {
			isa = PBXGroup;
			children = (
				FEB957AD26A96FCE0093BA8D /* BaseRouter.swift */,
				556A4FF126C0134F00249B49 /* BaseViewController.swift */,
				555E30BE26AC05E400F7EF0A /* AppCoordinator.swift */,
			);
			path = Core;
			sourceTree = "<group>";
		};
		FECB19D526B1D5BA00136DF0 /* Fonts */ = {
			isa = PBXGroup;
			children = (
				FECB19D726B1D69100136DF0 /* SFCompactDisplay-Regular.otf */,
				FECB19D626B1D63D00136DF0 /* SFCompactDisplay-Semibold.otf */,
			);
			path = Fonts;
			sourceTree = "<group>";
		};
/* End PBXGroup section */

/* Begin PBXNativeTarget section */
		FE79E3AC269CC09A00DACD24 /* Pills */ = {
			isa = PBXNativeTarget;
			buildConfigurationList = FE79E3D7269CC09D00DACD24 /* Build configuration list for PBXNativeTarget "Pills" */;
			buildPhases = (
				2366A8D6DE0B595406D93F9D /* [CP] Check Pods Manifest.lock */,
				84EBD3C1269D5CD9002BC758 /* ShellScript */,
				FE79E3A9269CC09A00DACD24 /* Sources */,
				FE79E3AA269CC09A00DACD24 /* Frameworks */,
				FE79E3AB269CC09A00DACD24 /* Resources */,
				0712DA83A2E304AF5A95DEE9 /* [CP] Embed Pods Frameworks */,
			);
			buildRules = (
			);
			dependencies = (
			);
			name = Pills;
			productName = Pills;
			productReference = FE79E3AD269CC09A00DACD24 /* Pills.app */;
			productType = "com.apple.product-type.application";
		};
		FE79E3C2269CC09D00DACD24 /* PillsTests */ = {
			isa = PBXNativeTarget;
			buildConfigurationList = FE79E3DA269CC09D00DACD24 /* Build configuration list for PBXNativeTarget "PillsTests" */;
			buildPhases = (
				718BCD39774CD21B4EDBB56C /* [CP] Check Pods Manifest.lock */,
				FE79E3BF269CC09D00DACD24 /* Sources */,
				FE79E3C0269CC09D00DACD24 /* Frameworks */,
				FE79E3C1269CC09D00DACD24 /* Resources */,
				390364E401290499A2D2271F /* [CP] Embed Pods Frameworks */,
			);
			buildRules = (
			);
			dependencies = (
				FE79E3C5269CC09D00DACD24 /* PBXTargetDependency */,
			);
			name = PillsTests;
			productName = PillsTests;
			productReference = FE79E3C3269CC09D00DACD24 /* PillsTests.xctest */;
			productType = "com.apple.product-type.bundle.unit-test";
		};
		FE79E3CD269CC09D00DACD24 /* PillsUITests */ = {
			isa = PBXNativeTarget;
			buildConfigurationList = FE79E3DD269CC09D00DACD24 /* Build configuration list for PBXNativeTarget "PillsUITests" */;
			buildPhases = (
				1E3F522E0E426AC91845080C /* [CP] Check Pods Manifest.lock */,
				FE79E3CA269CC09D00DACD24 /* Sources */,
				FE79E3CB269CC09D00DACD24 /* Frameworks */,
				FE79E3CC269CC09D00DACD24 /* Resources */,
				340080FCD10EECE02FA5759E /* [CP] Embed Pods Frameworks */,
			);
			buildRules = (
			);
			dependencies = (
				FE79E3D0269CC09D00DACD24 /* PBXTargetDependency */,
			);
			name = PillsUITests;
			productName = PillsUITests;
			productReference = FE79E3CE269CC09D00DACD24 /* PillsUITests.xctest */;
			productType = "com.apple.product-type.bundle.ui-testing";
		};
/* End PBXNativeTarget section */

/* Begin PBXProject section */
		FE79E3A5269CC09A00DACD24 /* Project object */ = {
			isa = PBXProject;
			attributes = {
				LastSwiftUpdateCheck = 1220;
				LastUpgradeCheck = 1220;
				TargetAttributes = {
					FE79E3AC269CC09A00DACD24 = {
						CreatedOnToolsVersion = 12.2;
					};
					FE79E3C2269CC09D00DACD24 = {
						CreatedOnToolsVersion = 12.2;
						TestTargetID = FE79E3AC269CC09A00DACD24;
					};
					FE79E3CD269CC09D00DACD24 = {
						CreatedOnToolsVersion = 12.2;
						TestTargetID = FE79E3AC269CC09A00DACD24;
					};
				};
			};
			buildConfigurationList = FE79E3A8269CC09A00DACD24 /* Build configuration list for PBXProject "Pills" */;
			compatibilityVersion = "Xcode 9.3";
			developmentRegion = en;
			hasScannedForEncodings = 0;
			knownRegions = (
				en,
				Base,
				ru,
			);
			mainGroup = FE79E3A4269CC09A00DACD24;
			productRefGroup = FE79E3AE269CC09A00DACD24 /* Products */;
			projectDirPath = "";
			projectRoot = "";
			targets = (
				FE79E3AC269CC09A00DACD24 /* Pills */,
				FE79E3C2269CC09D00DACD24 /* PillsTests */,
				FE79E3CD269CC09D00DACD24 /* PillsUITests */,
			);
		};
/* End PBXProject section */

/* Begin PBXResourcesBuildPhase section */
		FE79E3AB269CC09A00DACD24 /* Resources */ = {
			isa = PBXResourcesBuildPhase;
			buildActionMask = 2147483647;
			files = (
				FECB19D826B1D6CF00136DF0 /* SFCompactDisplay-Regular.otf in Resources */,
				FE79E3BD269CC09D00DACD24 /* LaunchScreen.storyboard in Resources */,
				FE79E44F26A35F3900DACD24 /* Colors.xcassets in Resources */,
				FE79E41B26A3165600DACD24 /* Localizable.strings in Resources */,
				FECB19DC26B1D6D200136DF0 /* SFCompactDisplay-Semibold.otf in Resources */,
				FE79E3BA269CC09D00DACD24 /* Assets.xcassets in Resources */,
			);
			runOnlyForDeploymentPostprocessing = 0;
		};
		FE79E3C1269CC09D00DACD24 /* Resources */ = {
			isa = PBXResourcesBuildPhase;
			buildActionMask = 2147483647;
			files = (
			);
			runOnlyForDeploymentPostprocessing = 0;
		};
		FE79E3CC269CC09D00DACD24 /* Resources */ = {
			isa = PBXResourcesBuildPhase;
			buildActionMask = 2147483647;
			files = (
			);
			runOnlyForDeploymentPostprocessing = 0;
		};
/* End PBXResourcesBuildPhase section */

/* Begin PBXShellScriptBuildPhase section */
		0712DA83A2E304AF5A95DEE9 /* [CP] Embed Pods Frameworks */ = {
			isa = PBXShellScriptBuildPhase;
			buildActionMask = 2147483647;
			files = (
			);
			inputFileListPaths = (
				"${PODS_ROOT}/Target Support Files/Pods-Pills/Pods-Pills-frameworks-${CONFIGURATION}-input-files.xcfilelist",
			);
			name = "[CP] Embed Pods Frameworks";
			outputFileListPaths = (
				"${PODS_ROOT}/Target Support Files/Pods-Pills/Pods-Pills-frameworks-${CONFIGURATION}-output-files.xcfilelist",
			);
			runOnlyForDeploymentPostprocessing = 0;
			shellPath = /bin/sh;
			shellScript = "\"${PODS_ROOT}/Target Support Files/Pods-Pills/Pods-Pills-frameworks.sh\"\n";
			showEnvVarsInLog = 0;
		};
		1E3F522E0E426AC91845080C /* [CP] Check Pods Manifest.lock */ = {
			isa = PBXShellScriptBuildPhase;
			buildActionMask = 2147483647;
			files = (
			);
			inputFileListPaths = (
			);
			inputPaths = (
				"${PODS_PODFILE_DIR_PATH}/Podfile.lock",
				"${PODS_ROOT}/Manifest.lock",
			);
			name = "[CP] Check Pods Manifest.lock";
			outputFileListPaths = (
			);
			outputPaths = (
				"$(DERIVED_FILE_DIR)/Pods-Pills-PillsUITests-checkManifestLockResult.txt",
			);
			runOnlyForDeploymentPostprocessing = 0;
			shellPath = /bin/sh;
			shellScript = "diff \"${PODS_PODFILE_DIR_PATH}/Podfile.lock\" \"${PODS_ROOT}/Manifest.lock\" > /dev/null\nif [ $? != 0 ] ; then\n    # print error to STDERR\n    echo \"error: The sandbox is not in sync with the Podfile.lock. Run 'pod install' or update your CocoaPods installation.\" >&2\n    exit 1\nfi\n# This output is used by Xcode 'outputs' to avoid re-running this script phase.\necho \"SUCCESS\" > \"${SCRIPT_OUTPUT_FILE_0}\"\n";
			showEnvVarsInLog = 0;
		};
		2366A8D6DE0B595406D93F9D /* [CP] Check Pods Manifest.lock */ = {
			isa = PBXShellScriptBuildPhase;
			buildActionMask = 2147483647;
			files = (
			);
			inputFileListPaths = (
			);
			inputPaths = (
				"${PODS_PODFILE_DIR_PATH}/Podfile.lock",
				"${PODS_ROOT}/Manifest.lock",
			);
			name = "[CP] Check Pods Manifest.lock";
			outputFileListPaths = (
			);
			outputPaths = (
				"$(DERIVED_FILE_DIR)/Pods-Pills-checkManifestLockResult.txt",
			);
			runOnlyForDeploymentPostprocessing = 0;
			shellPath = /bin/sh;
			shellScript = "diff \"${PODS_PODFILE_DIR_PATH}/Podfile.lock\" \"${PODS_ROOT}/Manifest.lock\" > /dev/null\nif [ $? != 0 ] ; then\n    # print error to STDERR\n    echo \"error: The sandbox is not in sync with the Podfile.lock. Run 'pod install' or update your CocoaPods installation.\" >&2\n    exit 1\nfi\n# This output is used by Xcode 'outputs' to avoid re-running this script phase.\necho \"SUCCESS\" > \"${SCRIPT_OUTPUT_FILE_0}\"\n";
			showEnvVarsInLog = 0;
		};
		340080FCD10EECE02FA5759E /* [CP] Embed Pods Frameworks */ = {
			isa = PBXShellScriptBuildPhase;
			buildActionMask = 2147483647;
			files = (
			);
			inputFileListPaths = (
				"${PODS_ROOT}/Target Support Files/Pods-Pills-PillsUITests/Pods-Pills-PillsUITests-frameworks-${CONFIGURATION}-input-files.xcfilelist",
			);
			name = "[CP] Embed Pods Frameworks";
			outputFileListPaths = (
				"${PODS_ROOT}/Target Support Files/Pods-Pills-PillsUITests/Pods-Pills-PillsUITests-frameworks-${CONFIGURATION}-output-files.xcfilelist",
			);
			runOnlyForDeploymentPostprocessing = 0;
			shellPath = /bin/sh;
			shellScript = "\"${PODS_ROOT}/Target Support Files/Pods-Pills-PillsUITests/Pods-Pills-PillsUITests-frameworks.sh\"\n";
			showEnvVarsInLog = 0;
		};
		390364E401290499A2D2271F /* [CP] Embed Pods Frameworks */ = {
			isa = PBXShellScriptBuildPhase;
			buildActionMask = 2147483647;
			files = (
			);
			inputFileListPaths = (
				"${PODS_ROOT}/Target Support Files/Pods-PillsTests/Pods-PillsTests-frameworks-${CONFIGURATION}-input-files.xcfilelist",
			);
			name = "[CP] Embed Pods Frameworks";
			outputFileListPaths = (
				"${PODS_ROOT}/Target Support Files/Pods-PillsTests/Pods-PillsTests-frameworks-${CONFIGURATION}-output-files.xcfilelist",
			);
			runOnlyForDeploymentPostprocessing = 0;
			shellPath = /bin/sh;
			shellScript = "\"${PODS_ROOT}/Target Support Files/Pods-PillsTests/Pods-PillsTests-frameworks.sh\"\n";
			showEnvVarsInLog = 0;
		};
		718BCD39774CD21B4EDBB56C /* [CP] Check Pods Manifest.lock */ = {
			isa = PBXShellScriptBuildPhase;
			buildActionMask = 2147483647;
			files = (
			);
			inputFileListPaths = (
			);
			inputPaths = (
				"${PODS_PODFILE_DIR_PATH}/Podfile.lock",
				"${PODS_ROOT}/Manifest.lock",
			);
			name = "[CP] Check Pods Manifest.lock";
			outputFileListPaths = (
			);
			outputPaths = (
				"$(DERIVED_FILE_DIR)/Pods-PillsTests-checkManifestLockResult.txt",
			);
			runOnlyForDeploymentPostprocessing = 0;
			shellPath = /bin/sh;
			shellScript = "diff \"${PODS_PODFILE_DIR_PATH}/Podfile.lock\" \"${PODS_ROOT}/Manifest.lock\" > /dev/null\nif [ $? != 0 ] ; then\n    # print error to STDERR\n    echo \"error: The sandbox is not in sync with the Podfile.lock. Run 'pod install' or update your CocoaPods installation.\" >&2\n    exit 1\nfi\n# This output is used by Xcode 'outputs' to avoid re-running this script phase.\necho \"SUCCESS\" > \"${SCRIPT_OUTPUT_FILE_0}\"\n";
			showEnvVarsInLog = 0;
		};
		84EBD3C1269D5CD9002BC758 /* ShellScript */ = {
			isa = PBXShellScriptBuildPhase;
			buildActionMask = 2147483647;
			files = (
			);
			inputFileListPaths = (
			);
			inputPaths = (
			);
			outputFileListPaths = (
			);
			outputPaths = (
			);
			runOnlyForDeploymentPostprocessing = 0;
			shellPath = /bin/sh;
			shellScript = "if which swiftlint >/dev/null; then\n  swiftlint\nelse\n  echo \"error: SwiftLint does not exist, download it from https://github.com/realm/SwiftLint\"\n  exit 1\nfi\n";
		};
/* End PBXShellScriptBuildPhase section */

/* Begin PBXSourcesBuildPhase section */
		FE79E3A9269CC09A00DACD24 /* Sources */ = {
			isa = PBXSourcesBuildPhase;
			buildActionMask = 2147483647;
			files = (
				A870AFF626A9A31E00624579 /* CourseViewModel.swift in Sources */,
				A86DB95B26C54D6200AE866A /* AutoReusable.swift in Sources */,
				8423A9F126BB346C008F64AA /* UIDevice.swift in Sources */,
				A802CBC726B68A55004E7365 /* StubCourseView.swift in Sources */,
				A3FBD9EF26A926D200B8BE0E /* JournalViewController.swift in Sources */,
				A86DB95626C54C5300AE866A /* SatackView.swift in Sources */,
				8423A9F626BB3510008F64AA /* AppConstants.swift in Sources */,
				A86DB94226C54BD000AE866A /* RateView.swift in Sources */,
				556A4FF226C0134F00249B49 /* BaseViewController.swift in Sources */,
				555E30BF26AC05E400F7EF0A /* AppCoordinator.swift in Sources */,
				A884C4DD26B079AF00BACC90 /* AddButton.swift in Sources */,
				FE79E47D26A59DD600DACD24 /* RealmMedKitEntry.swift in Sources */,
				FEB957FF26AAE1B20093BA8D /* JournalMock.swift in Sources */,
				FEB9580626AAF0D30093BA8D /* Date.swift in Sources */,
				FE79E44226A31E9200DACD24 /* Hex.swift in Sources */,
				A86DB94C26C54C3E00AE866A /* CollectionView.swift in Sources */,
				A802CBCF26B68A9E004E7365 /* CourseCellView.swift in Sources */,
				FEB957E126AAC1A40093BA8D /* JournalTableView.swift in Sources */,
				FE79E40626A2DF9800DACD24 /* AppImages.swift in Sources */,
				FE79E3B1269CC09A00DACD24 /* AppDelegate.swift in Sources */,
				FEB957B426A96FDF0093BA8D /* DevelopmentRouter.swift in Sources */,
				A305168D26C3AED000EAD8F3 /* UIView.swift in Sources */,
				A869AC9826B9C95A002019B0 /* CourseMock.swift in Sources */,
				5511C6AF26AC29E4009CDA41 /* DevelopmentBuilder.swift in Sources */,
				A86DB94726C54C3600AE866A /* TableView.swift in Sources */,
				A870AFE126A9A2DD00624579 /* SeparatorFactory.swift in Sources */,
				5511C6A426AC246B009CDA41 /* UIView+Constraints.swift in Sources */,
				FEB957B526A96FDF0093BA8D /* DevelopmentViewController.swift in Sources */,
				A86DB95126C54C4B00AE866A /* View.swift in Sources */,
				A870AFF226A9A31E00624579 /* Course.swift in Sources */,
				FEB957BA26A96FEB0093BA8D /* MainTabBarMaker.swift in Sources */,
				FEB957E926AAC1BB0093BA8D /* JournalTableViewCell.swift in Sources */,
				FEB957AE26A96FCE0093BA8D /* BaseRouter.swift in Sources */,
				A870AFF426A9A31E00624579 /* CoursesView.swift in Sources */,
				A870AFF526A9A31E00624579 /* CourseCell.swift in Sources */,
				FE79E43C26A31C4900DACD24 /* AppColors.swift in Sources */,
				FEB9586E26AF1FB00093BA8D /* RealmService.swift in Sources */,
				849AE5C326A9CF5400262D12 /* SettingsViewController.swift in Sources */,
				FE79E43226A3186900DACD24 /* Text.swift in Sources */,
				A870B00526A9D58E00624579 /* AppLayout.swift in Sources */,
				A86DB94126C54BD000AE866A /* RateViewController.swift in Sources */,
				FE79E42626A3180200DACD24 /* Localized.swift in Sources */,
				A870AFF326A9A31E00624579 /* CoursesViewController.swift in Sources */,
				A802CBD426B68AAE004E7365 /* ProgressView.swift in Sources */,
			);
			runOnlyForDeploymentPostprocessing = 0;
		};
		FE79E3BF269CC09D00DACD24 /* Sources */ = {
			isa = PBXSourcesBuildPhase;
			buildActionMask = 2147483647;
			files = (
				FE79E43726A319BC00DACD24 /* LocalizationTest.swift in Sources */,
				FE79E44A26A3200D00DACD24 /* AppColorsTest.swift in Sources */,
				FE79E48626A6C0BB00DACD24 /* RealmModelsTest.swift in Sources */,
				FE79E3C8269CC09D00DACD24 /* PillsTests.swift in Sources */,
				FE79E40B26A30EDA00DACD24 /* AppImagesTest.swift in Sources */,
			);
			runOnlyForDeploymentPostprocessing = 0;
		};
		FE79E3CA269CC09D00DACD24 /* Sources */ = {
			isa = PBXSourcesBuildPhase;
			buildActionMask = 2147483647;
			files = (
				FE79E3D3269CC09D00DACD24 /* PillsUITests.swift in Sources */,
			);
			runOnlyForDeploymentPostprocessing = 0;
		};
/* End PBXSourcesBuildPhase section */

/* Begin PBXTargetDependency section */
		FE79E3C5269CC09D00DACD24 /* PBXTargetDependency */ = {
			isa = PBXTargetDependency;
			target = FE79E3AC269CC09A00DACD24 /* Pills */;
			targetProxy = FE79E3C4269CC09D00DACD24 /* PBXContainerItemProxy */;
		};
		FE79E3D0269CC09D00DACD24 /* PBXTargetDependency */ = {
			isa = PBXTargetDependency;
			target = FE79E3AC269CC09A00DACD24 /* Pills */;
			targetProxy = FE79E3CF269CC09D00DACD24 /* PBXContainerItemProxy */;
		};
/* End PBXTargetDependency section */

/* Begin PBXVariantGroup section */
		FE79E3BB269CC09D00DACD24 /* LaunchScreen.storyboard */ = {
			isa = PBXVariantGroup;
			children = (
				FE79E3BC269CC09D00DACD24 /* Base */,
			);
			name = LaunchScreen.storyboard;
			sourceTree = "<group>";
		};
		FE79E41D26A3165600DACD24 /* Localizable.strings */ = {
			isa = PBXVariantGroup;
			children = (
				FE79E41C26A3165600DACD24 /* en */,
				FE79E42126A3165B00DACD24 /* ru */,
			);
			name = Localizable.strings;
			sourceTree = "<group>";
		};
/* End PBXVariantGroup section */

/* Begin XCBuildConfiguration section */
		FE79E3D5269CC09D00DACD24 /* Debug */ = {
			isa = XCBuildConfiguration;
			buildSettings = {
				ALWAYS_SEARCH_USER_PATHS = NO;
				CLANG_ANALYZER_LOCALIZABILITY_NONLOCALIZED = YES;
				CLANG_ANALYZER_NONNULL = YES;
				CLANG_ANALYZER_NUMBER_OBJECT_CONVERSION = YES_AGGRESSIVE;
				CLANG_CXX_LANGUAGE_STANDARD = "gnu++14";
				CLANG_CXX_LIBRARY = "libc++";
				CLANG_ENABLE_MODULES = YES;
				CLANG_ENABLE_OBJC_ARC = YES;
				CLANG_ENABLE_OBJC_WEAK = YES;
				CLANG_WARN_BLOCK_CAPTURE_AUTORELEASING = YES;
				CLANG_WARN_BOOL_CONVERSION = YES;
				CLANG_WARN_COMMA = YES;
				CLANG_WARN_CONSTANT_CONVERSION = YES;
				CLANG_WARN_DEPRECATED_OBJC_IMPLEMENTATIONS = YES;
				CLANG_WARN_DIRECT_OBJC_ISA_USAGE = YES_ERROR;
				CLANG_WARN_DOCUMENTATION_COMMENTS = YES;
				CLANG_WARN_EMPTY_BODY = YES;
				CLANG_WARN_ENUM_CONVERSION = YES;
				CLANG_WARN_INFINITE_RECURSION = YES;
				CLANG_WARN_INT_CONVERSION = YES;
				CLANG_WARN_NON_LITERAL_NULL_CONVERSION = YES;
				CLANG_WARN_OBJC_IMPLICIT_RETAIN_SELF = YES;
				CLANG_WARN_OBJC_LITERAL_CONVERSION = YES;
				CLANG_WARN_OBJC_ROOT_CLASS = YES_ERROR;
				CLANG_WARN_QUOTED_INCLUDE_IN_FRAMEWORK_HEADER = YES;
				CLANG_WARN_RANGE_LOOP_ANALYSIS = YES;
				CLANG_WARN_STRICT_PROTOTYPES = YES;
				CLANG_WARN_SUSPICIOUS_MOVE = YES;
				CLANG_WARN_UNGUARDED_AVAILABILITY = YES_AGGRESSIVE;
				CLANG_WARN_UNREACHABLE_CODE = YES;
				CLANG_WARN__DUPLICATE_METHOD_MATCH = YES;
				COPY_PHASE_STRIP = NO;
				DEBUG_INFORMATION_FORMAT = dwarf;
				ENABLE_STRICT_OBJC_MSGSEND = YES;
				ENABLE_TESTABILITY = YES;
				GCC_C_LANGUAGE_STANDARD = gnu11;
				GCC_DYNAMIC_NO_PIC = NO;
				GCC_NO_COMMON_BLOCKS = YES;
				GCC_OPTIMIZATION_LEVEL = 0;
				GCC_PREPROCESSOR_DEFINITIONS = (
					"DEBUG=1",
					"$(inherited)",
				);
				GCC_WARN_64_TO_32_BIT_CONVERSION = YES;
				GCC_WARN_ABOUT_RETURN_TYPE = YES_ERROR;
				GCC_WARN_UNDECLARED_SELECTOR = YES;
				GCC_WARN_UNINITIALIZED_AUTOS = YES_AGGRESSIVE;
				GCC_WARN_UNUSED_FUNCTION = YES;
				GCC_WARN_UNUSED_VARIABLE = YES;
				IPHONEOS_DEPLOYMENT_TARGET = 14.2;
				MTL_ENABLE_DEBUG_INFO = INCLUDE_SOURCE;
				MTL_FAST_MATH = YES;
				ONLY_ACTIVE_ARCH = YES;
				SDKROOT = iphoneos;
				SWIFT_ACTIVE_COMPILATION_CONDITIONS = DEBUG;
				SWIFT_OPTIMIZATION_LEVEL = "-Onone";
			};
			name = Debug;
		};
		FE79E3D6269CC09D00DACD24 /* Release */ = {
			isa = XCBuildConfiguration;
			buildSettings = {
				ALWAYS_SEARCH_USER_PATHS = NO;
				CLANG_ANALYZER_LOCALIZABILITY_NONLOCALIZED = YES;
				CLANG_ANALYZER_NONNULL = YES;
				CLANG_ANALYZER_NUMBER_OBJECT_CONVERSION = YES_AGGRESSIVE;
				CLANG_CXX_LANGUAGE_STANDARD = "gnu++14";
				CLANG_CXX_LIBRARY = "libc++";
				CLANG_ENABLE_MODULES = YES;
				CLANG_ENABLE_OBJC_ARC = YES;
				CLANG_ENABLE_OBJC_WEAK = YES;
				CLANG_WARN_BLOCK_CAPTURE_AUTORELEASING = YES;
				CLANG_WARN_BOOL_CONVERSION = YES;
				CLANG_WARN_COMMA = YES;
				CLANG_WARN_CONSTANT_CONVERSION = YES;
				CLANG_WARN_DEPRECATED_OBJC_IMPLEMENTATIONS = YES;
				CLANG_WARN_DIRECT_OBJC_ISA_USAGE = YES_ERROR;
				CLANG_WARN_DOCUMENTATION_COMMENTS = YES;
				CLANG_WARN_EMPTY_BODY = YES;
				CLANG_WARN_ENUM_CONVERSION = YES;
				CLANG_WARN_INFINITE_RECURSION = YES;
				CLANG_WARN_INT_CONVERSION = YES;
				CLANG_WARN_NON_LITERAL_NULL_CONVERSION = YES;
				CLANG_WARN_OBJC_IMPLICIT_RETAIN_SELF = YES;
				CLANG_WARN_OBJC_LITERAL_CONVERSION = YES;
				CLANG_WARN_OBJC_ROOT_CLASS = YES_ERROR;
				CLANG_WARN_QUOTED_INCLUDE_IN_FRAMEWORK_HEADER = YES;
				CLANG_WARN_RANGE_LOOP_ANALYSIS = YES;
				CLANG_WARN_STRICT_PROTOTYPES = YES;
				CLANG_WARN_SUSPICIOUS_MOVE = YES;
				CLANG_WARN_UNGUARDED_AVAILABILITY = YES_AGGRESSIVE;
				CLANG_WARN_UNREACHABLE_CODE = YES;
				CLANG_WARN__DUPLICATE_METHOD_MATCH = YES;
				COPY_PHASE_STRIP = NO;
				DEBUG_INFORMATION_FORMAT = "dwarf-with-dsym";
				ENABLE_NS_ASSERTIONS = NO;
				ENABLE_STRICT_OBJC_MSGSEND = YES;
				GCC_C_LANGUAGE_STANDARD = gnu11;
				GCC_NO_COMMON_BLOCKS = YES;
				GCC_WARN_64_TO_32_BIT_CONVERSION = YES;
				GCC_WARN_ABOUT_RETURN_TYPE = YES_ERROR;
				GCC_WARN_UNDECLARED_SELECTOR = YES;
				GCC_WARN_UNINITIALIZED_AUTOS = YES_AGGRESSIVE;
				GCC_WARN_UNUSED_FUNCTION = YES;
				GCC_WARN_UNUSED_VARIABLE = YES;
				IPHONEOS_DEPLOYMENT_TARGET = 14.2;
				MTL_ENABLE_DEBUG_INFO = NO;
				MTL_FAST_MATH = YES;
				SDKROOT = iphoneos;
				SWIFT_COMPILATION_MODE = wholemodule;
				SWIFT_OPTIMIZATION_LEVEL = "-O";
				VALIDATE_PRODUCT = YES;
			};
			name = Release;
		};
		FE79E3D8269CC09D00DACD24 /* Debug */ = {
			isa = XCBuildConfiguration;
			baseConfigurationReference = C58451548CF40FBAE1B7588A /* Pods-Pills.debug.xcconfig */;
			buildSettings = {
				ASSETCATALOG_COMPILER_APPICON_NAME = AppIcon;
				ASSETCATALOG_COMPILER_GLOBAL_ACCENT_COLOR_NAME = AccentColor;
				CODE_SIGN_STYLE = Automatic;
				DEVELOPMENT_TEAM = 58ZQ5G77TJ;
				INFOPLIST_FILE = Pills/Application/Info.plist;
				LD_RUNPATH_SEARCH_PATHS = (
					"$(inherited)",
					"@executable_path/Frameworks",
				);
				PRODUCT_BUNDLE_IDENTIFIER = gb.Pills;
				PRODUCT_NAME = "$(TARGET_NAME)";
				SWIFT_VERSION = 5.0;
				TARGETED_DEVICE_FAMILY = "1,2";
			};
			name = Debug;
		};
		FE79E3D9269CC09D00DACD24 /* Release */ = {
			isa = XCBuildConfiguration;
			baseConfigurationReference = 4DED2EF888C4807636FC7124 /* Pods-Pills.release.xcconfig */;
			buildSettings = {
				ASSETCATALOG_COMPILER_APPICON_NAME = AppIcon;
				ASSETCATALOG_COMPILER_GLOBAL_ACCENT_COLOR_NAME = AccentColor;
				CODE_SIGN_STYLE = Automatic;
				DEVELOPMENT_TEAM = 58ZQ5G77TJ;
				INFOPLIST_FILE = Pills/Application/Info.plist;
				LD_RUNPATH_SEARCH_PATHS = (
					"$(inherited)",
					"@executable_path/Frameworks",
				);
				PRODUCT_BUNDLE_IDENTIFIER = gb.Pills;
				PRODUCT_NAME = "$(TARGET_NAME)";
				SWIFT_VERSION = 5.0;
				TARGETED_DEVICE_FAMILY = "1,2";
			};
			name = Release;
		};
		FE79E3DB269CC09D00DACD24 /* Debug */ = {
			isa = XCBuildConfiguration;
			baseConfigurationReference = 8854F59E3DAF27C378F1435B /* Pods-PillsTests.debug.xcconfig */;
			buildSettings = {
				ALWAYS_EMBED_SWIFT_STANDARD_LIBRARIES = YES;
				BUNDLE_LOADER = "$(TEST_HOST)";
				CODE_SIGN_STYLE = Automatic;
				INFOPLIST_FILE = PillsTests/Info.plist;
				IPHONEOS_DEPLOYMENT_TARGET = 14.2;
				LD_RUNPATH_SEARCH_PATHS = (
					"$(inherited)",
					"@executable_path/Frameworks",
					"@loader_path/Frameworks",
				);
				PRODUCT_BUNDLE_IDENTIFIER = gb.PillsTests;
				PRODUCT_NAME = "$(TARGET_NAME)";
				SWIFT_VERSION = 5.0;
				TARGETED_DEVICE_FAMILY = "1,2";
				TEST_HOST = "$(BUILT_PRODUCTS_DIR)/Pills.app/Pills";
			};
			name = Debug;
		};
		FE79E3DC269CC09D00DACD24 /* Release */ = {
			isa = XCBuildConfiguration;
			baseConfigurationReference = 3B2B10BD29AA181FA24361D8 /* Pods-PillsTests.release.xcconfig */;
			buildSettings = {
				ALWAYS_EMBED_SWIFT_STANDARD_LIBRARIES = YES;
				BUNDLE_LOADER = "$(TEST_HOST)";
				CODE_SIGN_STYLE = Automatic;
				INFOPLIST_FILE = PillsTests/Info.plist;
				IPHONEOS_DEPLOYMENT_TARGET = 14.2;
				LD_RUNPATH_SEARCH_PATHS = (
					"$(inherited)",
					"@executable_path/Frameworks",
					"@loader_path/Frameworks",
				);
				PRODUCT_BUNDLE_IDENTIFIER = gb.PillsTests;
				PRODUCT_NAME = "$(TARGET_NAME)";
				SWIFT_VERSION = 5.0;
				TARGETED_DEVICE_FAMILY = "1,2";
				TEST_HOST = "$(BUILT_PRODUCTS_DIR)/Pills.app/Pills";
			};
			name = Release;
		};
		FE79E3DE269CC09D00DACD24 /* Debug */ = {
			isa = XCBuildConfiguration;
			baseConfigurationReference = 4F35B20F67AB2182167F6CAA /* Pods-Pills-PillsUITests.debug.xcconfig */;
			buildSettings = {
				ALWAYS_EMBED_SWIFT_STANDARD_LIBRARIES = YES;
				CODE_SIGN_STYLE = Automatic;
				INFOPLIST_FILE = PillsUITests/Info.plist;
				LD_RUNPATH_SEARCH_PATHS = (
					"$(inherited)",
					"@executable_path/Frameworks",
					"@loader_path/Frameworks",
				);
				PRODUCT_BUNDLE_IDENTIFIER = gb.PillsUITests;
				PRODUCT_NAME = "$(TARGET_NAME)";
				SWIFT_VERSION = 5.0;
				TARGETED_DEVICE_FAMILY = "1,2";
				TEST_TARGET_NAME = Pills;
			};
			name = Debug;
		};
		FE79E3DF269CC09D00DACD24 /* Release */ = {
			isa = XCBuildConfiguration;
			baseConfigurationReference = 2C4F8CB551269D1F66EF0C4F /* Pods-Pills-PillsUITests.release.xcconfig */;
			buildSettings = {
				ALWAYS_EMBED_SWIFT_STANDARD_LIBRARIES = YES;
				CODE_SIGN_STYLE = Automatic;
				INFOPLIST_FILE = PillsUITests/Info.plist;
				LD_RUNPATH_SEARCH_PATHS = (
					"$(inherited)",
					"@executable_path/Frameworks",
					"@loader_path/Frameworks",
				);
				PRODUCT_BUNDLE_IDENTIFIER = gb.PillsUITests;
				PRODUCT_NAME = "$(TARGET_NAME)";
				SWIFT_VERSION = 5.0;
				TARGETED_DEVICE_FAMILY = "1,2";
				TEST_TARGET_NAME = Pills;
			};
			name = Release;
		};
/* End XCBuildConfiguration section */

/* Begin XCConfigurationList section */
		FE79E3A8269CC09A00DACD24 /* Build configuration list for PBXProject "Pills" */ = {
			isa = XCConfigurationList;
			buildConfigurations = (
				FE79E3D5269CC09D00DACD24 /* Debug */,
				FE79E3D6269CC09D00DACD24 /* Release */,
			);
			defaultConfigurationIsVisible = 0;
			defaultConfigurationName = Release;
		};
		FE79E3D7269CC09D00DACD24 /* Build configuration list for PBXNativeTarget "Pills" */ = {
			isa = XCConfigurationList;
			buildConfigurations = (
				FE79E3D8269CC09D00DACD24 /* Debug */,
				FE79E3D9269CC09D00DACD24 /* Release */,
			);
			defaultConfigurationIsVisible = 0;
			defaultConfigurationName = Release;
		};
		FE79E3DA269CC09D00DACD24 /* Build configuration list for PBXNativeTarget "PillsTests" */ = {
			isa = XCConfigurationList;
			buildConfigurations = (
				FE79E3DB269CC09D00DACD24 /* Debug */,
				FE79E3DC269CC09D00DACD24 /* Release */,
			);
			defaultConfigurationIsVisible = 0;
			defaultConfigurationName = Release;
		};
		FE79E3DD269CC09D00DACD24 /* Build configuration list for PBXNativeTarget "PillsUITests" */ = {
			isa = XCConfigurationList;
			buildConfigurations = (
				FE79E3DE269CC09D00DACD24 /* Debug */,
				FE79E3DF269CC09D00DACD24 /* Release */,
			);
			defaultConfigurationIsVisible = 0;
			defaultConfigurationName = Release;
		};
/* End XCConfigurationList section */
	};
	rootObject = FE79E3A5269CC09A00DACD24 /* Project object */;
}
